// !$*UTF8*$!
{
	archiveVersion = 1;
	classes = {
	};
	objectVersion = 56;
	objects = {

/* Begin PBXBuildFile section */
		5DE34DAC29AF79500040B307 /* AppDelegate.swift in Sources */ = {isa = PBXBuildFile; fileRef = 5DE34DAB29AF79500040B307 /* AppDelegate.swift */; };
		5DE34DAE29AF79500040B307 /* SceneDelegate.swift in Sources */ = {isa = PBXBuildFile; fileRef = 5DE34DAD29AF79500040B307 /* SceneDelegate.swift */; };
		5DE34DB029AF79500040B307 /* ViewController.swift in Sources */ = {isa = PBXBuildFile; fileRef = 5DE34DAF29AF79500040B307 /* ViewController.swift */; };
		5DE34DB329AF79500040B307 /* Main.storyboard in Resources */ = {isa = PBXBuildFile; fileRef = 5DE34DB129AF79500040B307 /* Main.storyboard */; };
		5DE34DB529AF79510040B307 /* Assets.xcassets in Resources */ = {isa = PBXBuildFile; fileRef = 5DE34DB429AF79510040B307 /* Assets.xcassets */; };
		5DE34DB829AF79510040B307 /* LaunchScreen.storyboard in Resources */ = {isa = PBXBuildFile; fileRef = 5DE34DB629AF79510040B307 /* LaunchScreen.storyboard */; };
		5DE34DC329AF79520040B307 /* UserDefault_Sayac_UygulamasiTests.swift in Sources */ = {isa = PBXBuildFile; fileRef = 5DE34DC229AF79520040B307 /* UserDefault_Sayac_UygulamasiTests.swift */; };
		5DE34DCD29AF79520040B307 /* UserDefault_Sayac_UygulamasiUITests.swift in Sources */ = {isa = PBXBuildFile; fileRef = 5DE34DCC29AF79520040B307 /* UserDefault_Sayac_UygulamasiUITests.swift */; };
		5DE34DCF29AF79520040B307 /* UserDefault_Sayac_UygulamasiUITestsLaunchTests.swift in Sources */ = {isa = PBXBuildFile; fileRef = 5DE34DCE29AF79520040B307 /* UserDefault_Sayac_UygulamasiUITestsLaunchTests.swift */; };
/* End PBXBuildFile section */

/* Begin PBXContainerItemProxy section */
		5DE34DBF29AF79520040B307 /* PBXContainerItemProxy */ = {
			isa = PBXContainerItemProxy;
			containerPortal = 5DE34DA029AF79500040B307 /* Project object */;
			proxyType = 1;
			remoteGlobalIDString = 5DE34DA729AF79500040B307;
			remoteInfo = "UserDefault-Sayac Uygulamasi";
		};
		5DE34DC929AF79520040B307 /* PBXContainerItemProxy */ = {
			isa = PBXContainerItemProxy;
			containerPortal = 5DE34DA029AF79500040B307 /* Project object */;
			proxyType = 1;
			remoteGlobalIDString = 5DE34DA729AF79500040B307;
			remoteInfo = "UserDefault-Sayac Uygulamasi";
		};
/* End PBXContainerItemProxy section */

/* Begin PBXFileReference section */
		5DE34DA829AF79500040B307 /* UserDefault-Sayac Uygulamasi.app */ = {isa = PBXFileReference; explicitFileType = wrapper.application; includeInIndex = 0; path = "UserDefault-Sayac Uygulamasi.app"; sourceTree = BUILT_PRODUCTS_DIR; };
		5DE34DAB29AF79500040B307 /* AppDelegate.swift */ = {isa = PBXFileReference; lastKnownFileType = sourcecode.swift; path = AppDelegate.swift; sourceTree = "<group>"; };
		5DE34DAD29AF79500040B307 /* SceneDelegate.swift */ = {isa = PBXFileReference; lastKnownFileType = sourcecode.swift; path = SceneDelegate.swift; sourceTree = "<group>"; };
		5DE34DAF29AF79500040B307 /* ViewController.swift */ = {isa = PBXFileReference; lastKnownFileType = sourcecode.swift; path = ViewController.swift; sourceTree = "<group>"; };
		5DE34DB229AF79500040B307 /* Base */ = {isa = PBXFileReference; lastKnownFileType = file.storyboard; name = Base; path = Base.lproj/Main.storyboard; sourceTree = "<group>"; };
		5DE34DB429AF79510040B307 /* Assets.xcassets */ = {isa = PBXFileReference; lastKnownFileType = folder.assetcatalog; path = Assets.xcassets; sourceTree = "<group>"; };
		5DE34DB729AF79510040B307 /* Base */ = {isa = PBXFileReference; lastKnownFileType = file.storyboard; name = Base; path = Base.lproj/LaunchScreen.storyboard; sourceTree = "<group>"; };
		5DE34DB929AF79510040B307 /* Info.plist */ = {isa = PBXFileReference; lastKnownFileType = text.plist.xml; path = Info.plist; sourceTree = "<group>"; };
		5DE34DBE29AF79520040B307 /* UserDefault-Sayac UygulamasiTests.xctest */ = {isa = PBXFileReference; explicitFileType = wrapper.cfbundle; includeInIndex = 0; path = "UserDefault-Sayac UygulamasiTests.xctest"; sourceTree = BUILT_PRODUCTS_DIR; };
		5DE34DC229AF79520040B307 /* UserDefault_Sayac_UygulamasiTests.swift */ = {isa = PBXFileReference; lastKnownFileType = sourcecode.swift; path = UserDefault_Sayac_UygulamasiTests.swift; sourceTree = "<group>"; };
		5DE34DC829AF79520040B307 /* UserDefault-Sayac UygulamasiUITests.xctest */ = {isa = PBXFileReference; explicitFileType = wrapper.cfbundle; includeInIndex = 0; path = "UserDefault-Sayac UygulamasiUITests.xctest"; sourceTree = BUILT_PRODUCTS_DIR; };
		5DE34DCC29AF79520040B307 /* UserDefault_Sayac_UygulamasiUITests.swift */ = {isa = PBXFileReference; lastKnownFileType = sourcecode.swift; path = UserDefault_Sayac_UygulamasiUITests.swift; sourceTree = "<group>"; };
		5DE34DCE29AF79520040B307 /* UserDefault_Sayac_UygulamasiUITestsLaunchTests.swift */ = {isa = PBXFileReference; lastKnownFileType = sourcecode.swift; path = UserDefault_Sayac_UygulamasiUITestsLaunchTests.swift; sourceTree = "<group>"; };
/* End PBXFileReference section */

/* Begin PBXFrameworksBuildPhase section */
		5DE34DA529AF79500040B307 /* Frameworks */ = {
			isa = PBXFrameworksBuildPhase;
			buildActionMask = 2147483647;
			files = (
			);
			runOnlyForDeploymentPostprocessing = 0;
		};
		5DE34DBB29AF79520040B307 /* Frameworks */ = {
			isa = PBXFrameworksBuildPhase;
			buildActionMask = 2147483647;
			files = (
			);
			runOnlyForDeploymentPostprocessing = 0;
		};
		5DE34DC529AF79520040B307 /* Frameworks */ = {
			isa = PBXFrameworksBuildPhase;
			buildActionMask = 2147483647;
			files = (
			);
			runOnlyForDeploymentPostprocessing = 0;
		};
/* End PBXFrameworksBuildPhase section */

/* Begin PBXGroup section */
		5DE34D9F29AF79500040B307 = {
			isa = PBXGroup;
			children = (
				5DE34DAA29AF79500040B307 /* UserDefault-Sayac Uygulamasi */,
				5DE34DC129AF79520040B307 /* UserDefault-Sayac UygulamasiTests */,
				5DE34DCB29AF79520040B307 /* UserDefault-Sayac UygulamasiUITests */,
				5DE34DA929AF79500040B307 /* Products */,
			);
			sourceTree = "<group>";
		};
		5DE34DA929AF79500040B307 /* Products */ = {
			isa = PBXGroup;
			children = (
				5DE34DA829AF79500040B307 /* UserDefault-Sayac Uygulamasi.app */,
				5DE34DBE29AF79520040B307 /* UserDefault-Sayac UygulamasiTests.xctest */,
				5DE34DC829AF79520040B307 /* UserDefault-Sayac UygulamasiUITests.xctest */,
			);
			name = Products;
			sourceTree = "<group>";
		};
		5DE34DAA29AF79500040B307 /* UserDefault-Sayac Uygulamasi */ = {
			isa = PBXGroup;
			children = (
				5DE34DAB29AF79500040B307 /* AppDelegate.swift */,
				5DE34DAD29AF79500040B307 /* SceneDelegate.swift */,
				5DE34DAF29AF79500040B307 /* ViewController.swift */,
				5DE34DB129AF79500040B307 /* Main.storyboard */,
				5DE34DB429AF79510040B307 /* Assets.xcassets */,
				5DE34DB629AF79510040B307 /* LaunchScreen.storyboard */,
				5DE34DB929AF79510040B307 /* Info.plist */,
			);
			path = "UserDefault-Sayac Uygulamasi";
			sourceTree = "<group>";
		};
		5DE34DC129AF79520040B307 /* UserDefault-Sayac UygulamasiTests */ = {
			isa = PBXGroup;
			children = (
				5DE34DC229AF79520040B307 /* UserDefault_Sayac_UygulamasiTests.swift */,
			);
			path = "UserDefault-Sayac UygulamasiTests";
			sourceTree = "<group>";
		};
		5DE34DCB29AF79520040B307 /* UserDefault-Sayac UygulamasiUITests */ = {
			isa = PBXGroup;
			children = (
				5DE34DCC29AF79520040B307 /* UserDefault_Sayac_UygulamasiUITests.swift */,
				5DE34DCE29AF79520040B307 /* UserDefault_Sayac_UygulamasiUITestsLaunchTests.swift */,
			);
			path = "UserDefault-Sayac UygulamasiUITests";
			sourceTree = "<group>";
		};
/* End PBXGroup section */

/* Begin PBXNativeTarget section */
		5DE34DA729AF79500040B307 /* UserDefault-Sayac Uygulamasi */ = {
			isa = PBXNativeTarget;
			buildConfigurationList = 5DE34DD229AF79520040B307 /* Build configuration list for PBXNativeTarget "UserDefault-Sayac Uygulamasi" */;
			buildPhases = (
				5DE34DA429AF79500040B307 /* Sources */,
				5DE34DA529AF79500040B307 /* Frameworks */,
				5DE34DA629AF79500040B307 /* Resources */,
			);
			buildRules = (
			);
			dependencies = (
			);
			name = "UserDefault-Sayac Uygulamasi";
			productName = "UserDefault-Sayac Uygulamasi";
			productReference = 5DE34DA829AF79500040B307 /* UserDefault-Sayac Uygulamasi.app */;
			productType = "com.apple.product-type.application";
		};
		5DE34DBD29AF79520040B307 /* UserDefault-Sayac UygulamasiTests */ = {
			isa = PBXNativeTarget;
			buildConfigurationList = 5DE34DD529AF79520040B307 /* Build configuration list for PBXNativeTarget "UserDefault-Sayac UygulamasiTests" */;
			buildPhases = (
				5DE34DBA29AF79520040B307 /* Sources */,
				5DE34DBB29AF79520040B307 /* Frameworks */,
				5DE34DBC29AF79520040B307 /* Resources */,
			);
			buildRules = (
			);
			dependencies = (
				5DE34DC029AF79520040B307 /* PBXTargetDependency */,
			);
			name = "UserDefault-Sayac UygulamasiTests";
			productName = "UserDefault-Sayac UygulamasiTests";
			productReference = 5DE34DBE29AF79520040B307 /* UserDefault-Sayac UygulamasiTests.xctest */;
			productType = "com.apple.product-type.bundle.unit-test";
		};
		5DE34DC729AF79520040B307 /* UserDefault-Sayac UygulamasiUITests */ = {
			isa = PBXNativeTarget;
			buildConfigurationList = 5DE34DD829AF79520040B307 /* Build configuration list for PBXNativeTarget "UserDefault-Sayac UygulamasiUITests" */;
			buildPhases = (
				5DE34DC429AF79520040B307 /* Sources */,
				5DE34DC529AF79520040B307 /* Frameworks */,
				5DE34DC629AF79520040B307 /* Resources */,
			);
			buildRules = (
			);
			dependencies = (
				5DE34DCA29AF79520040B307 /* PBXTargetDependency */,
			);
			name = "UserDefault-Sayac UygulamasiUITests";
			productName = "UserDefault-Sayac UygulamasiUITests";
			productReference = 5DE34DC829AF79520040B307 /* UserDefault-Sayac UygulamasiUITests.xctest */;
			productType = "com.apple.product-type.bundle.ui-testing";
		};
/* End PBXNativeTarget section */

/* Begin PBXProject section */
		5DE34DA029AF79500040B307 /* Project object */ = {
			isa = PBXProject;
			attributes = {
				BuildIndependentTargetsInParallel = 1;
				LastSwiftUpdateCheck = 1410;
				LastUpgradeCheck = 1410;
				TargetAttributes = {
					5DE34DA729AF79500040B307 = {
						CreatedOnToolsVersion = 14.1;
					};
					5DE34DBD29AF79520040B307 = {
						CreatedOnToolsVersion = 14.1;
						TestTargetID = 5DE34DA729AF79500040B307;
					};
					5DE34DC729AF79520040B307 = {
						CreatedOnToolsVersion = 14.1;
						TestTargetID = 5DE34DA729AF79500040B307;
					};
				};
			};
			buildConfigurationList = 5DE34DA329AF79500040B307 /* Build configuration list for PBXProject "UserDefault-Sayac Uygulamasi" */;
			compatibilityVersion = "Xcode 14.0";
			developmentRegion = en;
			hasScannedForEncodings = 0;
			knownRegions = (
				en,
				Base,
			);
			mainGroup = 5DE34D9F29AF79500040B307;
			productRefGroup = 5DE34DA929AF79500040B307 /* Products */;
			projectDirPath = "";
			projectRoot = "";
			targets = (
				5DE34DA729AF79500040B307 /* UserDefault-Sayac Uygulamasi */,
				5DE34DBD29AF79520040B307 /* UserDefault-Sayac UygulamasiTests */,
				5DE34DC729AF79520040B307 /* UserDefault-Sayac UygulamasiUITests */,
			);
		};
/* End PBXProject section */

/* Begin PBXResourcesBuildPhase section */
		5DE34DA629AF79500040B307 /* Resources */ = {
			isa = PBXResourcesBuildPhase;
			buildActionMask = 2147483647;
			files = (
				5DE34DB829AF79510040B307 /* LaunchScreen.storyboard in Resources */,
				5DE34DB529AF79510040B307 /* Assets.xcassets in Resources */,
				5DE34DB329AF79500040B307 /* Main.storyboard in Resources */,
			);
			runOnlyForDeploymentPostprocessing = 0;
		};
		5DE34DBC29AF79520040B307 /* Resources */ = {
			isa = PBXResourcesBuildPhase;
			buildActionMask = 2147483647;
			files = (
			);
			runOnlyForDeploymentPostprocessing = 0;
		};
		5DE34DC629AF79520040B307 /* Resources */ = {
			isa = PBXResourcesBuildPhase;
			buildActionMask = 2147483647;
			files = (
			);
			runOnlyForDeploymentPostprocessing = 0;
		};
/* End PBXResourcesBuildPhase section */

/* Begin PBXSourcesBuildPhase section */
		5DE34DA429AF79500040B307 /* Sources */ = {
			isa = PBXSourcesBuildPhase;
			buildActionMask = 2147483647;
			files = (
				5DE34DB029AF79500040B307 /* ViewController.swift in Sources */,
				5DE34DAC29AF79500040B307 /* AppDelegate.swift in Sources */,
				5DE34DAE29AF79500040B307 /* SceneDelegate.swift in Sources */,
			);
			runOnlyForDeploymentPostprocessing = 0;
		};
		5DE34DBA29AF79520040B307 /* Sources */ = {
			isa = PBXSourcesBuildPhase;
			buildActionMask = 2147483647;
			files = (
				5DE34DC329AF79520040B307 /* UserDefault_Sayac_UygulamasiTests.swift in Sources */,
			);
			runOnlyForDeploymentPostprocessing = 0;
		};
		5DE34DC429AF79520040B307 /* Sources */ = {
			isa = PBXSourcesBuildPhase;
			buildActionMask = 2147483647;
			files = (
				5DE34DCF29AF79520040B307 /* UserDefault_Sayac_UygulamasiUITestsLaunchTests.swift in Sources */,
				5DE34DCD29AF79520040B307 /* UserDefault_Sayac_UygulamasiUITests.swift in Sources */,
			);
			runOnlyForDeploymentPostprocessing = 0;
		};
/* End PBXSourcesBuildPhase section */

/* Begin PBXTargetDependency section */
		5DE34DC029AF79520040B307 /* PBXTargetDependency */ = {
			isa = PBXTargetDependency;
			target = 5DE34DA729AF79500040B307 /* UserDefault-Sayac Uygulamasi */;
			targetProxy = 5DE34DBF29AF79520040B307 /* PBXContainerItemProxy */;
		};
		5DE34DCA29AF79520040B307 /* PBXTargetDependency */ = {
			isa = PBXTargetDependency;
			target = 5DE34DA729AF79500040B307 /* UserDefault-Sayac Uygulamasi */;
			targetProxy = 5DE34DC929AF79520040B307 /* PBXContainerItemProxy */;
		};
/* End PBXTargetDependency section */

/* Begin PBXVariantGroup section */
		5DE34DB129AF79500040B307 /* Main.storyboard */ = {
			isa = PBXVariantGroup;
			children = (
				5DE34DB229AF79500040B307 /* Base */,
			);
			name = Main.storyboard;
			sourceTree = "<group>";
		};
		5DE34DB629AF79510040B307 /* LaunchScreen.storyboard */ = {
			isa = PBXVariantGroup;
			children = (
				5DE34DB729AF79510040B307 /* Base */,
			);
			name = LaunchScreen.storyboard;
			sourceTree = "<group>";
		};
/* End PBXVariantGroup section */

/* Begin XCBuildConfiguration section */
		5DE34DD029AF79520040B307 /* Debug */ = {
			isa = XCBuildConfiguration;
			buildSettings = {
				ALWAYS_SEARCH_USER_PATHS = NO;
				CLANG_ANALYZER_NONNULL = YES;
				CLANG_ANALYZER_NUMBER_OBJECT_CONVERSION = YES_AGGRESSIVE;
				CLANG_CXX_LANGUAGE_STANDARD = "gnu++20";
				CLANG_ENABLE_MODULES = YES;
				CLANG_ENABLE_OBJC_ARC = YES;
				CLANG_ENABLE_OBJC_WEAK = YES;
				CLANG_WARN_BLOCK_CAPTURE_AUTORELEASING = YES;
				CLANG_WARN_BOOL_CONVERSION = YES;
				CLANG_WARN_COMMA = YES;
				CLANG_WARN_CONSTANT_CONVERSION = YES;
				CLANG_WARN_DEPRECATED_OBJC_IMPLEMENTATIONS = YES;
				CLANG_WARN_DIRECT_OBJC_ISA_USAGE = YES_ERROR;
				CLANG_WARN_DOCUMENTATION_COMMENTS = YES;
				CLANG_WARN_EMPTY_BODY = YES;
				CLANG_WARN_ENUM_CONVERSION = YES;
				CLANG_WARN_INFINITE_RECURSION = YES;
				CLANG_WARN_INT_CONVERSION = YES;
				CLANG_WARN_NON_LITERAL_NULL_CONVERSION = YES;
				CLANG_WARN_OBJC_IMPLICIT_RETAIN_SELF = YES;
				CLANG_WARN_OBJC_LITERAL_CONVERSION = YES;
				CLANG_WARN_OBJC_ROOT_CLASS = YES_ERROR;
				CLANG_WARN_QUOTED_INCLUDE_IN_FRAMEWORK_HEADER = YES;
				CLANG_WARN_RANGE_LOOP_ANALYSIS = YES;
				CLANG_WARN_STRICT_PROTOTYPES = YES;
				CLANG_WARN_SUSPICIOUS_MOVE = YES;
				CLANG_WARN_UNGUARDED_AVAILABILITY = YES_AGGRESSIVE;
				CLANG_WARN_UNREACHABLE_CODE = YES;
				CLANG_WARN__DUPLICATE_METHOD_MATCH = YES;
				COPY_PHASE_STRIP = NO;
				DEBUG_INFORMATION_FORMAT = dwarf;
				ENABLE_STRICT_OBJC_MSGSEND = YES;
				ENABLE_TESTABILITY = YES;
				GCC_C_LANGUAGE_STANDARD = gnu11;
				GCC_DYNAMIC_NO_PIC = NO;
				GCC_NO_COMMON_BLOCKS = YES;
				GCC_OPTIMIZATION_LEVEL = 0;
				GCC_PREPROCESSOR_DEFINITIONS = (
					"DEBUG=1",
					"$(inherited)",
				);
				GCC_WARN_64_TO_32_BIT_CONVERSION = YES;
				GCC_WARN_ABOUT_RETURN_TYPE = YES_ERROR;
				GCC_WARN_UNDECLARED_SELECTOR = YES;
				GCC_WARN_UNINITIALIZED_AUTOS = YES_AGGRESSIVE;
				GCC_WARN_UNUSED_FUNCTION = YES;
				GCC_WARN_UNUSED_VARIABLE = YES;
				IPHONEOS_DEPLOYMENT_TARGET = 16.1;
				MTL_ENABLE_DEBUG_INFO = INCLUDE_SOURCE;
				MTL_FAST_MATH = YES;
				ONLY_ACTIVE_ARCH = YES;
				SDKROOT = iphoneos;
				SWIFT_ACTIVE_COMPILATION_CONDITIONS = DEBUG;
				SWIFT_OPTIMIZATION_LEVEL = "-Onone";
			};
			name = Debug;
		};
		5DE34DD129AF79520040B307 /* Release */ = {
			isa = XCBuildConfiguration;
			buildSettings = {
				ALWAYS_SEARCH_USER_PATHS = NO;
				CLANG_ANALYZER_NONNULL = YES;
				CLANG_ANALYZER_NUMBER_OBJECT_CONVERSION = YES_AGGRESSIVE;
				CLANG_CXX_LANGUAGE_STANDARD = "gnu++20";
				CLANG_ENABLE_MODULES = YES;
				CLANG_ENABLE_OBJC_ARC = YES;
				CLANG_ENABLE_OBJC_WEAK = YES;
				CLANG_WARN_BLOCK_CAPTURE_AUTORELEASING = YES;
				CLANG_WARN_BOOL_CONVERSION = YES;
				CLANG_WARN_COMMA = YES;
				CLANG_WARN_CONSTANT_CONVERSION = YES;
				CLANG_WARN_DEPRECATED_OBJC_IMPLEMENTATIONS = YES;
				CLANG_WARN_DIRECT_OBJC_ISA_USAGE = YES_ERROR;
				CLANG_WARN_DOCUMENTATION_COMMENTS = YES;
				CLANG_WARN_EMPTY_BODY = YES;
				CLANG_WARN_ENUM_CONVERSION = YES;
				CLANG_WARN_INFINITE_RECURSION = YES;
				CLANG_WARN_INT_CONVERSION = YES;
				CLANG_WARN_NON_LITERAL_NULL_CONVERSION = YES;
				CLANG_WARN_OBJC_IMPLICIT_RETAIN_SELF = YES;
				CLANG_WARN_OBJC_LITERAL_CONVERSION = YES;
				CLANG_WARN_OBJC_ROOT_CLASS = YES_ERROR;
				CLANG_WARN_QUOTED_INCLUDE_IN_FRAMEWORK_HEADER = YES;
				CLANG_WARN_RANGE_LOOP_ANALYSIS = YES;
				CLANG_WARN_STRICT_PROTOTYPES = YES;
				CLANG_WARN_SUSPICIOUS_MOVE = YES;
				CLANG_WARN_UNGUARDED_AVAILABILITY = YES_AGGRESSIVE;
				CLANG_WARN_UNREACHABLE_CODE = YES;
				CLANG_WARN__DUPLICATE_METHOD_MATCH = YES;
				COPY_PHASE_STRIP = NO;
				DEBUG_INFORMATION_FORMAT = "dwarf-with-dsym";
				ENABLE_NS_ASSERTIONS = NO;
				ENABLE_STRICT_OBJC_MSGSEND = YES;
				GCC_C_LANGUAGE_STANDARD = gnu11;
				GCC_NO_COMMON_BLOCKS = YES;
				GCC_WARN_64_TO_32_BIT_CONVERSION = YES;
				GCC_WARN_ABOUT_RETURN_TYPE = YES_ERROR;
				GCC_WARN_UNDECLARED_SELECTOR = YES;
				GCC_WARN_UNINITIALIZED_AUTOS = YES_AGGRESSIVE;
				GCC_WARN_UNUSED_FUNCTION = YES;
				GCC_WARN_UNUSED_VARIABLE = YES;
				IPHONEOS_DEPLOYMENT_TARGET = 16.1;
				MTL_ENABLE_DEBUG_INFO = NO;
				MTL_FAST_MATH = YES;
				SDKROOT = iphoneos;
				SWIFT_COMPILATION_MODE = wholemodule;
				SWIFT_OPTIMIZATION_LEVEL = "-O";
				VALIDATE_PRODUCT = YES;
			};
			name = Release;
		};
		5DE34DD329AF79520040B307 /* Debug */ = {
			isa = XCBuildConfiguration;
			buildSettings = {
				ASSETCATALOG_COMPILER_APPICON_NAME = AppIcon;
				ASSETCATALOG_COMPILER_GLOBAL_ACCENT_COLOR_NAME = AccentColor;
				CODE_SIGN_STYLE = Automatic;
				CURRENT_PROJECT_VERSION = 1;
				GENERATE_INFOPLIST_FILE = YES;
				INFOPLIST_FILE = "UserDefault-Sayac Uygulamasi/Info.plist";
				INFOPLIST_KEY_UIApplicationSupportsIndirectInputEvents = YES;
				INFOPLIST_KEY_UILaunchStoryboardName = LaunchScreen;
				INFOPLIST_KEY_UIMainStoryboardFile = Main;
				INFOPLIST_KEY_UISupportedInterfaceOrientations_iPad = "UIInterfaceOrientationPortrait UIInterfaceOrientationPortraitUpsideDown UIInterfaceOrientationLandscapeLeft UIInterfaceOrientationLandscapeRight";
				INFOPLIST_KEY_UISupportedInterfaceOrientations_iPhone = "UIInterfaceOrientationPortrait UIInterfaceOrientationLandscapeLeft UIInterfaceOrientationLandscapeRight";
				LD_RUNPATH_SEARCH_PATHS = (
					"$(inherited)",
					"@executable_path/Frameworks",
				);
				MARKETING_VERSION = 1.0;
				PRODUCT_BUNDLE_IDENTIFIER = "info.UserDefault-Sayac-Uygulamasi";
				PRODUCT_NAME = "$(TARGET_NAME)";
				SWIFT_EMIT_LOC_STRINGS = YES;
				SWIFT_VERSION = 5.0;
				TARGETED_DEVICE_FAMILY = "1,2";
			};
			name = Debug;
		};
		5DE34DD429AF79520040B307 /* Release */ = {
			isa = XCBuildConfiguration;
			buildSettings = {
				ASSETCATALOG_COMPILER_APPICON_NAME = AppIcon;
				ASSETCATALOG_COMPILER_GLOBAL_ACCENT_COLOR_NAME = AccentColor;
				CODE_SIGN_STYLE = Automatic;
				CURRENT_PROJECT_VERSION = 1;
				GENERATE_INFOPLIST_FILE = YES;
				INFOPLIST_FILE = "UserDefault-Sayac Uygulamasi/Info.plist";
				INFOPLIST_KEY_UIApplicationSupportsIndirectInputEvents = YES;
				INFOPLIST_KEY_UILaunchStoryboardName = LaunchScreen;
				INFOPLIST_KEY_UIMainStoryboardFile = Main;
				INFOPLIST_KEY_UISupportedInterfaceOrientations_iPad = "UIInterfaceOrientationPortrait UIInterfaceOrientationPortraitUpsideDown UIInterfaceOrientationLandscapeLeft UIInterfaceOrientationLandscapeRight";
				INFOPLIST_KEY_UISupportedInterfaceOrientations_iPhone = "UIInterfaceOrientationPortrait UIInterfaceOrientationLandscapeLeft UIInterfaceOrientationLandscapeRight";
				LD_RUNPATH_SEARCH_PATHS = (
					"$(inherited)",
					"@executable_path/Frameworks",
				);
				MARKETING_VERSION = 1.0;
				PRODUCT_BUNDLE_IDENTIFIER = "info.UserDefault-Sayac-Uygulamasi";
				PRODUCT_NAME = "$(TARGET_NAME)";
				SWIFT_EMIT_LOC_STRINGS = YES;
				SWIFT_VERSION = 5.0;
				TARGETED_DEVICE_FAMILY = "1,2";
			};
			name = Release;
		};
		5DE34DD629AF79520040B307 /* Debug */ = {
			isa = XCBuildConfiguration;
			buildSettings = {
				ALWAYS_EMBED_SWIFT_STANDARD_LIBRARIES = YES;
				BUNDLE_LOADER = "$(TEST_HOST)";
				CODE_SIGN_STYLE = Automatic;
				CURRENT_PROJECT_VERSION = 1;
				GENERATE_INFOPLIST_FILE = YES;
				IPHONEOS_DEPLOYMENT_TARGET = 16.1;
				MARKETING_VERSION = 1.0;
				PRODUCT_BUNDLE_IDENTIFIER = "info.UserDefault-Sayac-UygulamasiTests";
				PRODUCT_NAME = "$(TARGET_NAME)";
				SWIFT_EMIT_LOC_STRINGS = NO;
				SWIFT_VERSION = 5.0;
				TARGETED_DEVICE_FAMILY = "1,2";
				TEST_HOST = "$(BUILT_PRODUCTS_DIR)/UserDefault-Sayac Uygulamasi.app/$(BUNDLE_EXECUTABLE_FOLDER_PATH)/UserDefault-Sayac Uygulamasi";
			};
			name = Debug;
		};
		5DE34DD729AF79520040B307 /* Release */ = {
			isa = XCBuildConfiguration;
			buildSettings = {
				ALWAYS_EMBED_SWIFT_STANDARD_LIBRARIES = YES;
				BUNDLE_LOADER = "$(TEST_HOST)";
				CODE_SIGN_STYLE = Automatic;
				CURRENT_PROJECT_VERSION = 1;
				GENERATE_INFOPLIST_FILE = YES;
				IPHONEOS_DEPLOYMENT_TARGET = 16.1;
				MARKETING_VERSION = 1.0;
				PRODUCT_BUNDLE_IDENTIFIER = "info.UserDefault-Sayac-UygulamasiTests";
				PRODUCT_NAME = "$(TARGET_NAME)";
				SWIFT_EMIT_LOC_STRINGS = NO;
				SWIFT_VERSION = 5.0;
				TARGETED_DEVICE_FAMILY = "1,2";
				TEST_HOST = "$(BUILT_PRODUCTS_DIR)/UserDefault-Sayac Uygulamasi.app/$(BUNDLE_EXECUTABLE_FOLDER_PATH)/UserDefault-Sayac Uygulamasi";
			};
			name = Release;
		};
		5DE34DD929AF79520040B307 /* Debug */ = {
			isa = XCBuildConfiguration;
			buildSettings = {
				ALWAYS_EMBED_SWIFT_STANDARD_LIBRARIES = YES;
				CODE_SIGN_STYLE = Automatic;
				CURRENT_PROJECT_VERSION = 1;
				GENERATE_INFOPLIST_FILE = YES;
				MARKETING_VERSION = 1.0;
				PRODUCT_BUNDLE_IDENTIFIER = "info.UserDefault-Sayac-UygulamasiUITests";
				PRODUCT_NAME = "$(TARGET_NAME)";
				SWIFT_EMIT_LOC_STRINGS = NO;
				SWIFT_VERSION = 5.0;
				TARGETED_DEVICE_FAMILY = "1,2";
				TEST_TARGET_NAME = "UserDefault-Sayac Uygulamasi";
			};
			name = Debug;
		};
		5DE34DDA29AF79520040B307 /* Release */ = {
			isa = XCBuildConfiguration;
			buildSettings = {
				ALWAYS_EMBED_SWIFT_STANDARD_LIBRARIES = YES;
				CODE_SIGN_STYLE = Automatic;
				CURRENT_PROJECT_VERSION = 1;
				GENERATE_INFOPLIST_FILE = YES;
				MARKETING_VERSION = 1.0;
				PRODUCT_BUNDLE_IDENTIFIER = "info.UserDefault-Sayac-UygulamasiUITests";
				PRODUCT_NAME = "$(TARGET_NAME)";
				SWIFT_EMIT_LOC_STRINGS = NO;
				SWIFT_VERSION = 5.0;
				TARGETED_DEVICE_FAMILY = "1,2";
				TEST_TARGET_NAME = "UserDefault-Sayac Uygulamasi";
			};
			name = Release;
		};
/* End XCBuildConfiguration section */

/* Begin XCConfigurationList section */
		5DE34DA329AF79500040B307 /* Build configuration list for PBXProject "UserDefault-Sayac Uygulamasi" */ = {
			isa = XCConfigurationList;
			buildConfigurations = (
				5DE34DD029AF79520040B307 /* Debug */,
				5DE34DD129AF79520040B307 /* Release */,
			);
			defaultConfigurationIsVisible = 0;
			defaultConfigurationName = Release;
		};
		5DE34DD229AF79520040B307 /* Build configuration list for PBXNativeTarget "UserDefault-Sayac Uygulamasi" */ = {
			isa = XCConfigurationList;
			buildConfigurations = (
				5DE34DD329AF79520040B307 /* Debug */,
				5DE34DD429AF79520040B307 /* Release */,
			);
			defaultConfigurationIsVisible = 0;
			defaultConfigurationName = Release;
		};
		5DE34DD529AF79520040B307 /* Build configuration list for PBXNativeTarget "UserDefault-Sayac UygulamasiTests" */ = {
			isa = XCConfigurationList;
			buildConfigurations = (
				5DE34DD629AF79520040B307 /* Debug */,
				5DE34DD729AF79520040B307 /* Release */,
			);
			defaultConfigurationIsVisible = 0;
			defaultConfigurationName = Release;
		};
		5DE34DD829AF79520040B307 /* Build configuration list for PBXNativeTarget "UserDefault-Sayac UygulamasiUITests" */ = {
			isa = XCConfigurationList;
			buildConfigurations = (
				5DE34DD929AF79520040B307 /* Debug */,
				5DE34DDA29AF79520040B307 /* Release */,
			);
			defaultConfigurationIsVisible = 0;
			defaultConfigurationName = Release;
		};
/* End XCConfigurationList section */
	};
	rootObject = 5DE34DA029AF79500040B307 /* Project object */;
}
