// !$*UTF8*$!
{
	archiveVersion = 1;
	classes = {
	};
	objectVersion = 56;
	objects = {

/* Begin PBXBuildFile section */
		5D7F73CB298FD02A00005EDC /* AppDelegate.swift in Sources */ = {isa = PBXBuildFile; fileRef = 5D7F73CA298FD02A00005EDC /* AppDelegate.swift */; };
		5D7F73CD298FD02A00005EDC /* SceneDelegate.swift in Sources */ = {isa = PBXBuildFile; fileRef = 5D7F73CC298FD02A00005EDC /* SceneDelegate.swift */; };
		5D7F73CF298FD02A00005EDC /* ViewController.swift in Sources */ = {isa = PBXBuildFile; fileRef = 5D7F73CE298FD02A00005EDC /* ViewController.swift */; };
		5D7F73D2298FD02A00005EDC /* Main.storyboard in Resources */ = {isa = PBXBuildFile; fileRef = 5D7F73D0298FD02A00005EDC /* Main.storyboard */; };
		5D7F73D4298FD02B00005EDC /* Assets.xcassets in Resources */ = {isa = PBXBuildFile; fileRef = 5D7F73D3298FD02B00005EDC /* Assets.xcassets */; };
		5D7F73D7298FD02B00005EDC /* LaunchScreen.storyboard in Resources */ = {isa = PBXBuildFile; fileRef = 5D7F73D5298FD02B00005EDC /* LaunchScreen.storyboard */; };
		5D7F73E2298FD02B00005EDC /* Toolbar_CalismasiTests.swift in Sources */ = {isa = PBXBuildFile; fileRef = 5D7F73E1298FD02B00005EDC /* Toolbar_CalismasiTests.swift */; };
		5D7F73EC298FD02B00005EDC /* Toolbar_CalismasiUITests.swift in Sources */ = {isa = PBXBuildFile; fileRef = 5D7F73EB298FD02B00005EDC /* Toolbar_CalismasiUITests.swift */; };
		5D7F73EE298FD02B00005EDC /* Toolbar_CalismasiUITestsLaunchTests.swift in Sources */ = {isa = PBXBuildFile; fileRef = 5D7F73ED298FD02B00005EDC /* Toolbar_CalismasiUITestsLaunchTests.swift */; };
/* End PBXBuildFile section */

/* Begin PBXContainerItemProxy section */
		5D7F73DE298FD02B00005EDC /* PBXContainerItemProxy */ = {
			isa = PBXContainerItemProxy;
			containerPortal = 5D7F73BF298FD02A00005EDC /* Project object */;
			proxyType = 1;
			remoteGlobalIDString = 5D7F73C6298FD02A00005EDC;
			remoteInfo = "Toolbar Calismasi";
		};
		5D7F73E8298FD02B00005EDC /* PBXContainerItemProxy */ = {
			isa = PBXContainerItemProxy;
			containerPortal = 5D7F73BF298FD02A00005EDC /* Project object */;
			proxyType = 1;
			remoteGlobalIDString = 5D7F73C6298FD02A00005EDC;
			remoteInfo = "Toolbar Calismasi";
		};
/* End PBXContainerItemProxy section */

/* Begin PBXFileReference section */
		5D7F73C7298FD02A00005EDC /* Toolbar Calismasi.app */ = {isa = PBXFileReference; explicitFileType = wrapper.application; includeInIndex = 0; path = "Toolbar Calismasi.app"; sourceTree = BUILT_PRODUCTS_DIR; };
		5D7F73CA298FD02A00005EDC /* AppDelegate.swift */ = {isa = PBXFileReference; lastKnownFileType = sourcecode.swift; path = AppDelegate.swift; sourceTree = "<group>"; };
		5D7F73CC298FD02A00005EDC /* SceneDelegate.swift */ = {isa = PBXFileReference; lastKnownFileType = sourcecode.swift; path = SceneDelegate.swift; sourceTree = "<group>"; };
		5D7F73CE298FD02A00005EDC /* ViewController.swift */ = {isa = PBXFileReference; lastKnownFileType = sourcecode.swift; path = ViewController.swift; sourceTree = "<group>"; };
		5D7F73D1298FD02A00005EDC /* Base */ = {isa = PBXFileReference; lastKnownFileType = file.storyboard; name = Base; path = Base.lproj/Main.storyboard; sourceTree = "<group>"; };
		5D7F73D3298FD02B00005EDC /* Assets.xcassets */ = {isa = PBXFileReference; lastKnownFileType = folder.assetcatalog; path = Assets.xcassets; sourceTree = "<group>"; };
		5D7F73D6298FD02B00005EDC /* Base */ = {isa = PBXFileReference; lastKnownFileType = file.storyboard; name = Base; path = Base.lproj/LaunchScreen.storyboard; sourceTree = "<group>"; };
		5D7F73D8298FD02B00005EDC /* Info.plist */ = {isa = PBXFileReference; lastKnownFileType = text.plist.xml; path = Info.plist; sourceTree = "<group>"; };
		5D7F73DD298FD02B00005EDC /* Toolbar CalismasiTests.xctest */ = {isa = PBXFileReference; explicitFileType = wrapper.cfbundle; includeInIndex = 0; path = "Toolbar CalismasiTests.xctest"; sourceTree = BUILT_PRODUCTS_DIR; };
		5D7F73E1298FD02B00005EDC /* Toolbar_CalismasiTests.swift */ = {isa = PBXFileReference; lastKnownFileType = sourcecode.swift; path = Toolbar_CalismasiTests.swift; sourceTree = "<group>"; };
		5D7F73E7298FD02B00005EDC /* Toolbar CalismasiUITests.xctest */ = {isa = PBXFileReference; explicitFileType = wrapper.cfbundle; includeInIndex = 0; path = "Toolbar CalismasiUITests.xctest"; sourceTree = BUILT_PRODUCTS_DIR; };
		5D7F73EB298FD02B00005EDC /* Toolbar_CalismasiUITests.swift */ = {isa = PBXFileReference; lastKnownFileType = sourcecode.swift; path = Toolbar_CalismasiUITests.swift; sourceTree = "<group>"; };
		5D7F73ED298FD02B00005EDC /* Toolbar_CalismasiUITestsLaunchTests.swift */ = {isa = PBXFileReference; lastKnownFileType = sourcecode.swift; path = Toolbar_CalismasiUITestsLaunchTests.swift; sourceTree = "<group>"; };
/* End PBXFileReference section */

/* Begin PBXFrameworksBuildPhase section */
		5D7F73C4298FD02A00005EDC /* Frameworks */ = {
			isa = PBXFrameworksBuildPhase;
			buildActionMask = 2147483647;
			files = (
			);
			runOnlyForDeploymentPostprocessing = 0;
		};
		5D7F73DA298FD02B00005EDC /* Frameworks */ = {
			isa = PBXFrameworksBuildPhase;
			buildActionMask = 2147483647;
			files = (
			);
			runOnlyForDeploymentPostprocessing = 0;
		};
		5D7F73E4298FD02B00005EDC /* Frameworks */ = {
			isa = PBXFrameworksBuildPhase;
			buildActionMask = 2147483647;
			files = (
			);
			runOnlyForDeploymentPostprocessing = 0;
		};
/* End PBXFrameworksBuildPhase section */

/* Begin PBXGroup section */
		5D7F73BE298FD02A00005EDC = {
			isa = PBXGroup;
			children = (
				5D7F73C9298FD02A00005EDC /* Toolbar Calismasi */,
				5D7F73E0298FD02B00005EDC /* Toolbar CalismasiTests */,
				5D7F73EA298FD02B00005EDC /* Toolbar CalismasiUITests */,
				5D7F73C8298FD02A00005EDC /* Products */,
			);
			sourceTree = "<group>";
		};
		5D7F73C8298FD02A00005EDC /* Products */ = {
			isa = PBXGroup;
			children = (
				5D7F73C7298FD02A00005EDC /* Toolbar Calismasi.app */,
				5D7F73DD298FD02B00005EDC /* Toolbar CalismasiTests.xctest */,
				5D7F73E7298FD02B00005EDC /* Toolbar CalismasiUITests.xctest */,
			);
			name = Products;
			sourceTree = "<group>";
		};
		5D7F73C9298FD02A00005EDC /* Toolbar Calismasi */ = {
			isa = PBXGroup;
			children = (
				5D7F73CA298FD02A00005EDC /* AppDelegate.swift */,
				5D7F73CC298FD02A00005EDC /* SceneDelegate.swift */,
				5D7F73CE298FD02A00005EDC /* ViewController.swift */,
				5D7F73D0298FD02A00005EDC /* Main.storyboard */,
				5D7F73D3298FD02B00005EDC /* Assets.xcassets */,
				5D7F73D5298FD02B00005EDC /* LaunchScreen.storyboard */,
				5D7F73D8298FD02B00005EDC /* Info.plist */,
			);
			path = "Toolbar Calismasi";
			sourceTree = "<group>";
		};
		5D7F73E0298FD02B00005EDC /* Toolbar CalismasiTests */ = {
			isa = PBXGroup;
			children = (
				5D7F73E1298FD02B00005EDC /* Toolbar_CalismasiTests.swift */,
			);
			path = "Toolbar CalismasiTests";
			sourceTree = "<group>";
		};
		5D7F73EA298FD02B00005EDC /* Toolbar CalismasiUITests */ = {
			isa = PBXGroup;
			children = (
				5D7F73EB298FD02B00005EDC /* Toolbar_CalismasiUITests.swift */,
				5D7F73ED298FD02B00005EDC /* Toolbar_CalismasiUITestsLaunchTests.swift */,
			);
			path = "Toolbar CalismasiUITests";
			sourceTree = "<group>";
		};
/* End PBXGroup section */

/* Begin PBXNativeTarget section */
		5D7F73C6298FD02A00005EDC /* Toolbar Calismasi */ = {
			isa = PBXNativeTarget;
			buildConfigurationList = 5D7F73F1298FD02B00005EDC /* Build configuration list for PBXNativeTarget "Toolbar Calismasi" */;
			buildPhases = (
				5D7F73C3298FD02A00005EDC /* Sources */,
				5D7F73C4298FD02A00005EDC /* Frameworks */,
				5D7F73C5298FD02A00005EDC /* Resources */,
			);
			buildRules = (
			);
			dependencies = (
			);
			name = "Toolbar Calismasi";
			productName = "Toolbar Calismasi";
			productReference = 5D7F73C7298FD02A00005EDC /* Toolbar Calismasi.app */;
			productType = "com.apple.product-type.application";
		};
		5D7F73DC298FD02B00005EDC /* Toolbar CalismasiTests */ = {
			isa = PBXNativeTarget;
			buildConfigurationList = 5D7F73F4298FD02B00005EDC /* Build configuration list for PBXNativeTarget "Toolbar CalismasiTests" */;
			buildPhases = (
				5D7F73D9298FD02B00005EDC /* Sources */,
				5D7F73DA298FD02B00005EDC /* Frameworks */,
				5D7F73DB298FD02B00005EDC /* Resources */,
			);
			buildRules = (
			);
			dependencies = (
				5D7F73DF298FD02B00005EDC /* PBXTargetDependency */,
			);
			name = "Toolbar CalismasiTests";
			productName = "Toolbar CalismasiTests";
			productReference = 5D7F73DD298FD02B00005EDC /* Toolbar CalismasiTests.xctest */;
			productType = "com.apple.product-type.bundle.unit-test";
		};
		5D7F73E6298FD02B00005EDC /* Toolbar CalismasiUITests */ = {
			isa = PBXNativeTarget;
			buildConfigurationList = 5D7F73F7298FD02B00005EDC /* Build configuration list for PBXNativeTarget "Toolbar CalismasiUITests" */;
			buildPhases = (
				5D7F73E3298FD02B00005EDC /* Sources */,
				5D7F73E4298FD02B00005EDC /* Frameworks */,
				5D7F73E5298FD02B00005EDC /* Resources */,
			);
			buildRules = (
			);
			dependencies = (
				5D7F73E9298FD02B00005EDC /* PBXTargetDependency */,
			);
			name = "Toolbar CalismasiUITests";
			productName = "Toolbar CalismasiUITests";
			productReference = 5D7F73E7298FD02B00005EDC /* Toolbar CalismasiUITests.xctest */;
			productType = "com.apple.product-type.bundle.ui-testing";
		};
/* End PBXNativeTarget section */

/* Begin PBXProject section */
		5D7F73BF298FD02A00005EDC /* Project object */ = {
			isa = PBXProject;
			attributes = {
				BuildIndependentTargetsInParallel = 1;
				LastSwiftUpdateCheck = 1410;
				LastUpgradeCheck = 1410;
				TargetAttributes = {
					5D7F73C6298FD02A00005EDC = {
						CreatedOnToolsVersion = 14.1;
					};
					5D7F73DC298FD02B00005EDC = {
						CreatedOnToolsVersion = 14.1;
						TestTargetID = 5D7F73C6298FD02A00005EDC;
					};
					5D7F73E6298FD02B00005EDC = {
						CreatedOnToolsVersion = 14.1;
						TestTargetID = 5D7F73C6298FD02A00005EDC;
					};
				};
			};
			buildConfigurationList = 5D7F73C2298FD02A00005EDC /* Build configuration list for PBXProject "Toolbar Calismasi" */;
			compatibilityVersion = "Xcode 14.0";
			developmentRegion = en;
			hasScannedForEncodings = 0;
			knownRegions = (
				en,
				Base,
			);
			mainGroup = 5D7F73BE298FD02A00005EDC;
			productRefGroup = 5D7F73C8298FD02A00005EDC /* Products */;
			projectDirPath = "";
			projectRoot = "";
			targets = (
				5D7F73C6298FD02A00005EDC /* Toolbar Calismasi */,
				5D7F73DC298FD02B00005EDC /* Toolbar CalismasiTests */,
				5D7F73E6298FD02B00005EDC /* Toolbar CalismasiUITests */,
			);
		};
/* End PBXProject section */

/* Begin PBXResourcesBuildPhase section */
		5D7F73C5298FD02A00005EDC /* Resources */ = {
			isa = PBXResourcesBuildPhase;
			buildActionMask = 2147483647;
			files = (
				5D7F73D7298FD02B00005EDC /* LaunchScreen.storyboard in Resources */,
				5D7F73D4298FD02B00005EDC /* Assets.xcassets in Resources */,
				5D7F73D2298FD02A00005EDC /* Main.storyboard in Resources */,
			);
			runOnlyForDeploymentPostprocessing = 0;
		};
		5D7F73DB298FD02B00005EDC /* Resources */ = {
			isa = PBXResourcesBuildPhase;
			buildActionMask = 2147483647;
			files = (
			);
			runOnlyForDeploymentPostprocessing = 0;
		};
		5D7F73E5298FD02B00005EDC /* Resources */ = {
			isa = PBXResourcesBuildPhase;
			buildActionMask = 2147483647;
			files = (
			);
			runOnlyForDeploymentPostprocessing = 0;
		};
/* End PBXResourcesBuildPhase section */

/* Begin PBXSourcesBuildPhase section */
		5D7F73C3298FD02A00005EDC /* Sources */ = {
			isa = PBXSourcesBuildPhase;
			buildActionMask = 2147483647;
			files = (
				5D7F73CF298FD02A00005EDC /* ViewController.swift in Sources */,
				5D7F73CB298FD02A00005EDC /* AppDelegate.swift in Sources */,
				5D7F73CD298FD02A00005EDC /* SceneDelegate.swift in Sources */,
			);
			runOnlyForDeploymentPostprocessing = 0;
		};
		5D7F73D9298FD02B00005EDC /* Sources */ = {
			isa = PBXSourcesBuildPhase;
			buildActionMask = 2147483647;
			files = (
				5D7F73E2298FD02B00005EDC /* Toolbar_CalismasiTests.swift in Sources */,
			);
			runOnlyForDeploymentPostprocessing = 0;
		};
		5D7F73E3298FD02B00005EDC /* Sources */ = {
			isa = PBXSourcesBuildPhase;
			buildActionMask = 2147483647;
			files = (
				5D7F73EC298FD02B00005EDC /* Toolbar_CalismasiUITests.swift in Sources */,
				5D7F73EE298FD02B00005EDC /* Toolbar_CalismasiUITestsLaunchTests.swift in Sources */,
			);
			runOnlyForDeploymentPostprocessing = 0;
		};
/* End PBXSourcesBuildPhase section */

/* Begin PBXTargetDependency section */
		5D7F73DF298FD02B00005EDC /* PBXTargetDependency */ = {
			isa = PBXTargetDependency;
			target = 5D7F73C6298FD02A00005EDC /* Toolbar Calismasi */;
			targetProxy = 5D7F73DE298FD02B00005EDC /* PBXContainerItemProxy */;
		};
		5D7F73E9298FD02B00005EDC /* PBXTargetDependency */ = {
			isa = PBXTargetDependency;
			target = 5D7F73C6298FD02A00005EDC /* Toolbar Calismasi */;
			targetProxy = 5D7F73E8298FD02B00005EDC /* PBXContainerItemProxy */;
		};
/* End PBXTargetDependency section */

/* Begin PBXVariantGroup section */
		5D7F73D0298FD02A00005EDC /* Main.storyboard */ = {
			isa = PBXVariantGroup;
			children = (
				5D7F73D1298FD02A00005EDC /* Base */,
			);
			name = Main.storyboard;
			sourceTree = "<group>";
		};
		5D7F73D5298FD02B00005EDC /* LaunchScreen.storyboard */ = {
			isa = PBXVariantGroup;
			children = (
				5D7F73D6298FD02B00005EDC /* Base */,
			);
			name = LaunchScreen.storyboard;
			sourceTree = "<group>";
		};
/* End PBXVariantGroup section */

/* Begin XCBuildConfiguration section */
		5D7F73EF298FD02B00005EDC /* Debug */ = {
			isa = XCBuildConfiguration;
			buildSettings = {
				ALWAYS_SEARCH_USER_PATHS = NO;
				CLANG_ANALYZER_NONNULL = YES;
				CLANG_ANALYZER_NUMBER_OBJECT_CONVERSION = YES_AGGRESSIVE;
				CLANG_CXX_LANGUAGE_STANDARD = "gnu++20";
				CLANG_ENABLE_MODULES = YES;
				CLANG_ENABLE_OBJC_ARC = YES;
				CLANG_ENABLE_OBJC_WEAK = YES;
				CLANG_WARN_BLOCK_CAPTURE_AUTORELEASING = YES;
				CLANG_WARN_BOOL_CONVERSION = YES;
				CLANG_WARN_COMMA = YES;
				CLANG_WARN_CONSTANT_CONVERSION = YES;
				CLANG_WARN_DEPRECATED_OBJC_IMPLEMENTATIONS = YES;
				CLANG_WARN_DIRECT_OBJC_ISA_USAGE = YES_ERROR;
				CLANG_WARN_DOCUMENTATION_COMMENTS = YES;
				CLANG_WARN_EMPTY_BODY = YES;
				CLANG_WARN_ENUM_CONVERSION = YES;
				CLANG_WARN_INFINITE_RECURSION = YES;
				CLANG_WARN_INT_CONVERSION = YES;
				CLANG_WARN_NON_LITERAL_NULL_CONVERSION = YES;
				CLANG_WARN_OBJC_IMPLICIT_RETAIN_SELF = YES;
				CLANG_WARN_OBJC_LITERAL_CONVERSION = YES;
				CLANG_WARN_OBJC_ROOT_CLASS = YES_ERROR;
				CLANG_WARN_QUOTED_INCLUDE_IN_FRAMEWORK_HEADER = YES;
				CLANG_WARN_RANGE_LOOP_ANALYSIS = YES;
				CLANG_WARN_STRICT_PROTOTYPES = YES;
				CLANG_WARN_SUSPICIOUS_MOVE = YES;
				CLANG_WARN_UNGUARDED_AVAILABILITY = YES_AGGRESSIVE;
				CLANG_WARN_UNREACHABLE_CODE = YES;
				CLANG_WARN__DUPLICATE_METHOD_MATCH = YES;
				COPY_PHASE_STRIP = NO;
				DEBUG_INFORMATION_FORMAT = dwarf;
				ENABLE_STRICT_OBJC_MSGSEND = YES;
				ENABLE_TESTABILITY = YES;
				GCC_C_LANGUAGE_STANDARD = gnu11;
				GCC_DYNAMIC_NO_PIC = NO;
				GCC_NO_COMMON_BLOCKS = YES;
				GCC_OPTIMIZATION_LEVEL = 0;
				GCC_PREPROCESSOR_DEFINITIONS = (
					"DEBUG=1",
					"$(inherited)",
				);
				GCC_WARN_64_TO_32_BIT_CONVERSION = YES;
				GCC_WARN_ABOUT_RETURN_TYPE = YES_ERROR;
				GCC_WARN_UNDECLARED_SELECTOR = YES;
				GCC_WARN_UNINITIALIZED_AUTOS = YES_AGGRESSIVE;
				GCC_WARN_UNUSED_FUNCTION = YES;
				GCC_WARN_UNUSED_VARIABLE = YES;
				IPHONEOS_DEPLOYMENT_TARGET = 16.1;
				MTL_ENABLE_DEBUG_INFO = INCLUDE_SOURCE;
				MTL_FAST_MATH = YES;
				ONLY_ACTIVE_ARCH = YES;
				SDKROOT = iphoneos;
				SWIFT_ACTIVE_COMPILATION_CONDITIONS = DEBUG;
				SWIFT_OPTIMIZATION_LEVEL = "-Onone";
			};
			name = Debug;
		};
		5D7F73F0298FD02B00005EDC /* Release */ = {
			isa = XCBuildConfiguration;
			buildSettings = {
				ALWAYS_SEARCH_USER_PATHS = NO;
				CLANG_ANALYZER_NONNULL = YES;
				CLANG_ANALYZER_NUMBER_OBJECT_CONVERSION = YES_AGGRESSIVE;
				CLANG_CXX_LANGUAGE_STANDARD = "gnu++20";
				CLANG_ENABLE_MODULES = YES;
				CLANG_ENABLE_OBJC_ARC = YES;
				CLANG_ENABLE_OBJC_WEAK = YES;
				CLANG_WARN_BLOCK_CAPTURE_AUTORELEASING = YES;
				CLANG_WARN_BOOL_CONVERSION = YES;
				CLANG_WARN_COMMA = YES;
				CLANG_WARN_CONSTANT_CONVERSION = YES;
				CLANG_WARN_DEPRECATED_OBJC_IMPLEMENTATIONS = YES;
				CLANG_WARN_DIRECT_OBJC_ISA_USAGE = YES_ERROR;
				CLANG_WARN_DOCUMENTATION_COMMENTS = YES;
				CLANG_WARN_EMPTY_BODY = YES;
				CLANG_WARN_ENUM_CONVERSION = YES;
				CLANG_WARN_INFINITE_RECURSION = YES;
				CLANG_WARN_INT_CONVERSION = YES;
				CLANG_WARN_NON_LITERAL_NULL_CONVERSION = YES;
				CLANG_WARN_OBJC_IMPLICIT_RETAIN_SELF = YES;
				CLANG_WARN_OBJC_LITERAL_CONVERSION = YES;
				CLANG_WARN_OBJC_ROOT_CLASS = YES_ERROR;
				CLANG_WARN_QUOTED_INCLUDE_IN_FRAMEWORK_HEADER = YES;
				CLANG_WARN_RANGE_LOOP_ANALYSIS = YES;
				CLANG_WARN_STRICT_PROTOTYPES = YES;
				CLANG_WARN_SUSPICIOUS_MOVE = YES;
				CLANG_WARN_UNGUARDED_AVAILABILITY = YES_AGGRESSIVE;
				CLANG_WARN_UNREACHABLE_CODE = YES;
				CLANG_WARN__DUPLICATE_METHOD_MATCH = YES;
				COPY_PHASE_STRIP = NO;
				DEBUG_INFORMATION_FORMAT = "dwarf-with-dsym";
				ENABLE_NS_ASSERTIONS = NO;
				ENABLE_STRICT_OBJC_MSGSEND = YES;
				GCC_C_LANGUAGE_STANDARD = gnu11;
				GCC_NO_COMMON_BLOCKS = YES;
				GCC_WARN_64_TO_32_BIT_CONVERSION = YES;
				GCC_WARN_ABOUT_RETURN_TYPE = YES_ERROR;
				GCC_WARN_UNDECLARED_SELECTOR = YES;
				GCC_WARN_UNINITIALIZED_AUTOS = YES_AGGRESSIVE;
				GCC_WARN_UNUSED_FUNCTION = YES;
				GCC_WARN_UNUSED_VARIABLE = YES;
				IPHONEOS_DEPLOYMENT_TARGET = 16.1;
				MTL_ENABLE_DEBUG_INFO = NO;
				MTL_FAST_MATH = YES;
				SDKROOT = iphoneos;
				SWIFT_COMPILATION_MODE = wholemodule;
				SWIFT_OPTIMIZATION_LEVEL = "-O";
				VALIDATE_PRODUCT = YES;
			};
			name = Release;
		};
		5D7F73F2298FD02B00005EDC /* Debug */ = {
			isa = XCBuildConfiguration;
			buildSettings = {
				ASSETCATALOG_COMPILER_APPICON_NAME = AppIcon;
				ASSETCATALOG_COMPILER_GLOBAL_ACCENT_COLOR_NAME = AccentColor;
				CODE_SIGN_STYLE = Automatic;
				CURRENT_PROJECT_VERSION = 1;
				GENERATE_INFOPLIST_FILE = YES;
				INFOPLIST_FILE = "Toolbar Calismasi/Info.plist";
				INFOPLIST_KEY_UIApplicationSupportsIndirectInputEvents = YES;
				INFOPLIST_KEY_UILaunchStoryboardName = LaunchScreen;
				INFOPLIST_KEY_UIMainStoryboardFile = Main;
				INFOPLIST_KEY_UISupportedInterfaceOrientations_iPad = "UIInterfaceOrientationPortrait UIInterfaceOrientationPortraitUpsideDown UIInterfaceOrientationLandscapeLeft UIInterfaceOrientationLandscapeRight";
				INFOPLIST_KEY_UISupportedInterfaceOrientations_iPhone = "UIInterfaceOrientationPortrait UIInterfaceOrientationLandscapeLeft UIInterfaceOrientationLandscapeRight";
				LD_RUNPATH_SEARCH_PATHS = (
					"$(inherited)",
					"@executable_path/Frameworks",
				);
				MARKETING_VERSION = 1.0;
				PRODUCT_BUNDLE_IDENTIFIER = "info.Toolbar-Calismasi";
				PRODUCT_NAME = "$(TARGET_NAME)";
				SWIFT_EMIT_LOC_STRINGS = YES;
				SWIFT_VERSION = 5.0;
				TARGETED_DEVICE_FAMILY = "1,2";
			};
			name = Debug;
		};
		5D7F73F3298FD02B00005EDC /* Release */ = {
			isa = XCBuildConfiguration;
			buildSettings = {
				ASSETCATALOG_COMPILER_APPICON_NAME = AppIcon;
				ASSETCATALOG_COMPILER_GLOBAL_ACCENT_COLOR_NAME = AccentColor;
				CODE_SIGN_STYLE = Automatic;
				CURRENT_PROJECT_VERSION = 1;
				GENERATE_INFOPLIST_FILE = YES;
				INFOPLIST_FILE = "Toolbar Calismasi/Info.plist";
				INFOPLIST_KEY_UIApplicationSupportsIndirectInputEvents = YES;
				INFOPLIST_KEY_UILaunchStoryboardName = LaunchScreen;
				INFOPLIST_KEY_UIMainStoryboardFile = Main;
				INFOPLIST_KEY_UISupportedInterfaceOrientations_iPad = "UIInterfaceOrientationPortrait UIInterfaceOrientationPortraitUpsideDown UIInterfaceOrientationLandscapeLeft UIInterfaceOrientationLandscapeRight";
				INFOPLIST_KEY_UISupportedInterfaceOrientations_iPhone = "UIInterfaceOrientationPortrait UIInterfaceOrientationLandscapeLeft UIInterfaceOrientationLandscapeRight";
				LD_RUNPATH_SEARCH_PATHS = (
					"$(inherited)",
					"@executable_path/Frameworks",
				);
				MARKETING_VERSION = 1.0;
				PRODUCT_BUNDLE_IDENTIFIER = "info.Toolbar-Calismasi";
				PRODUCT_NAME = "$(TARGET_NAME)";
				SWIFT_EMIT_LOC_STRINGS = YES;
				SWIFT_VERSION = 5.0;
				TARGETED_DEVICE_FAMILY = "1,2";
			};
			name = Release;
		};
		5D7F73F5298FD02B00005EDC /* Debug */ = {
			isa = XCBuildConfiguration;
			buildSettings = {
				ALWAYS_EMBED_SWIFT_STANDARD_LIBRARIES = YES;
				BUNDLE_LOADER = "$(TEST_HOST)";
				CODE_SIGN_STYLE = Automatic;
				CURRENT_PROJECT_VERSION = 1;
				GENERATE_INFOPLIST_FILE = YES;
				IPHONEOS_DEPLOYMENT_TARGET = 16.1;
				MARKETING_VERSION = 1.0;
				PRODUCT_BUNDLE_IDENTIFIER = "info.Toolbar-CalismasiTests";
				PRODUCT_NAME = "$(TARGET_NAME)";
				SWIFT_EMIT_LOC_STRINGS = NO;
				SWIFT_VERSION = 5.0;
				TARGETED_DEVICE_FAMILY = "1,2";
				TEST_HOST = "$(BUILT_PRODUCTS_DIR)/Toolbar Calismasi.app/$(BUNDLE_EXECUTABLE_FOLDER_PATH)/Toolbar Calismasi";
			};
			name = Debug;
		};
		5D7F73F6298FD02B00005EDC /* Release */ = {
			isa = XCBuildConfiguration;
			buildSettings = {
				ALWAYS_EMBED_SWIFT_STANDARD_LIBRARIES = YES;
				BUNDLE_LOADER = "$(TEST_HOST)";
				CODE_SIGN_STYLE = Automatic;
				CURRENT_PROJECT_VERSION = 1;
				GENERATE_INFOPLIST_FILE = YES;
				IPHONEOS_DEPLOYMENT_TARGET = 16.1;
				MARKETING_VERSION = 1.0;
				PRODUCT_BUNDLE_IDENTIFIER = "info.Toolbar-CalismasiTests";
				PRODUCT_NAME = "$(TARGET_NAME)";
				SWIFT_EMIT_LOC_STRINGS = NO;
				SWIFT_VERSION = 5.0;
				TARGETED_DEVICE_FAMILY = "1,2";
				TEST_HOST = "$(BUILT_PRODUCTS_DIR)/Toolbar Calismasi.app/$(BUNDLE_EXECUTABLE_FOLDER_PATH)/Toolbar Calismasi";
			};
			name = Release;
		};
		5D7F73F8298FD02B00005EDC /* Debug */ = {
			isa = XCBuildConfiguration;
			buildSettings = {
				ALWAYS_EMBED_SWIFT_STANDARD_LIBRARIES = YES;
				CODE_SIGN_STYLE = Automatic;
				CURRENT_PROJECT_VERSION = 1;
				GENERATE_INFOPLIST_FILE = YES;
				MARKETING_VERSION = 1.0;
				PRODUCT_BUNDLE_IDENTIFIER = "info.Toolbar-CalismasiUITests";
				PRODUCT_NAME = "$(TARGET_NAME)";
				SWIFT_EMIT_LOC_STRINGS = NO;
				SWIFT_VERSION = 5.0;
				TARGETED_DEVICE_FAMILY = "1,2";
				TEST_TARGET_NAME = "Toolbar Calismasi";
			};
			name = Debug;
		};
		5D7F73F9298FD02B00005EDC /* Release */ = {
			isa = XCBuildConfiguration;
			buildSettings = {
				ALWAYS_EMBED_SWIFT_STANDARD_LIBRARIES = YES;
				CODE_SIGN_STYLE = Automatic;
				CURRENT_PROJECT_VERSION = 1;
				GENERATE_INFOPLIST_FILE = YES;
				MARKETING_VERSION = 1.0;
				PRODUCT_BUNDLE_IDENTIFIER = "info.Toolbar-CalismasiUITests";
				PRODUCT_NAME = "$(TARGET_NAME)";
				SWIFT_EMIT_LOC_STRINGS = NO;
				SWIFT_VERSION = 5.0;
				TARGETED_DEVICE_FAMILY = "1,2";
				TEST_TARGET_NAME = "Toolbar Calismasi";
			};
			name = Release;
		};
/* End XCBuildConfiguration section */

/* Begin XCConfigurationList section */
		5D7F73C2298FD02A00005EDC /* Build configuration list for PBXProject "Toolbar Calismasi" */ = {
			isa = XCConfigurationList;
			buildConfigurations = (
				5D7F73EF298FD02B00005EDC /* Debug */,
				5D7F73F0298FD02B00005EDC /* Release */,
			);
			defaultConfigurationIsVisible = 0;
			defaultConfigurationName = Release;
		};
		5D7F73F1298FD02B00005EDC /* Build configuration list for PBXNativeTarget "Toolbar Calismasi" */ = {
			isa = XCConfigurationList;
			buildConfigurations = (
				5D7F73F2298FD02B00005EDC /* Debug */,
				5D7F73F3298FD02B00005EDC /* Release */,
			);
			defaultConfigurationIsVisible = 0;
			defaultConfigurationName = Release;
		};
		5D7F73F4298FD02B00005EDC /* Build configuration list for PBXNativeTarget "Toolbar CalismasiTests" */ = {
			isa = XCConfigurationList;
			buildConfigurations = (
				5D7F73F5298FD02B00005EDC /* Debug */,
				5D7F73F6298FD02B00005EDC /* Release */,
			);
			defaultConfigurationIsVisible = 0;
			defaultConfigurationName = Release;
		};
		5D7F73F7298FD02B00005EDC /* Build configuration list for PBXNativeTarget "Toolbar CalismasiUITests" */ = {
			isa = XCConfigurationList;
			buildConfigurations = (
				5D7F73F8298FD02B00005EDC /* Debug */,
				5D7F73F9298FD02B00005EDC /* Release */,
			);
			defaultConfigurationIsVisible = 0;
			defaultConfigurationName = Release;
		};
/* End XCConfigurationList section */
	};
	rootObject = 5D7F73BF298FD02A00005EDC /* Project object */;
}
