// !$*UTF8*$!
{
	archiveVersion = 1;
	classes = {
	};
	objectVersion = 56;
	objects = {

/* Begin PBXBuildFile section */
		5D33BD7729B4E9B500D8BE3B /* AppDelegate.swift in Sources */ = {isa = PBXBuildFile; fileRef = 5D33BD7629B4E9B500D8BE3B /* AppDelegate.swift */; };
		5D33BD7929B4E9B500D8BE3B /* SceneDelegate.swift in Sources */ = {isa = PBXBuildFile; fileRef = 5D33BD7829B4E9B500D8BE3B /* SceneDelegate.swift */; };
		5D33BD7B29B4E9B500D8BE3B /* ViewController.swift in Sources */ = {isa = PBXBuildFile; fileRef = 5D33BD7A29B4E9B500D8BE3B /* ViewController.swift */; };
		5D33BD7E29B4E9B500D8BE3B /* Main.storyboard in Resources */ = {isa = PBXBuildFile; fileRef = 5D33BD7C29B4E9B500D8BE3B /* Main.storyboard */; };
		5D33BD8029B4E9B700D8BE3B /* Assets.xcassets in Resources */ = {isa = PBXBuildFile; fileRef = 5D33BD7F29B4E9B700D8BE3B /* Assets.xcassets */; };
		5D33BD8329B4E9B700D8BE3B /* LaunchScreen.storyboard in Resources */ = {isa = PBXBuildFile; fileRef = 5D33BD8129B4E9B700D8BE3B /* LaunchScreen.storyboard */; };
		5D33BD8E29B4E9B700D8BE3B /* File_Islemleri___UygulamaTests.swift in Sources */ = {isa = PBXBuildFile; fileRef = 5D33BD8D29B4E9B700D8BE3B /* File_Islemleri___UygulamaTests.swift */; };
		5D33BD9829B4E9B700D8BE3B /* File_Islemleri___UygulamaUITests.swift in Sources */ = {isa = PBXBuildFile; fileRef = 5D33BD9729B4E9B700D8BE3B /* File_Islemleri___UygulamaUITests.swift */; };
		5D33BD9A29B4E9B700D8BE3B /* File_Islemleri___UygulamaUITestsLaunchTests.swift in Sources */ = {isa = PBXBuildFile; fileRef = 5D33BD9929B4E9B700D8BE3B /* File_Islemleri___UygulamaUITestsLaunchTests.swift */; };
/* End PBXBuildFile section */

/* Begin PBXContainerItemProxy section */
		5D33BD8A29B4E9B700D8BE3B /* PBXContainerItemProxy */ = {
			isa = PBXContainerItemProxy;
			containerPortal = 5D33BD6B29B4E9B500D8BE3B /* Project object */;
			proxyType = 1;
			remoteGlobalIDString = 5D33BD7229B4E9B500D8BE3B;
			remoteInfo = "File Islemleri - Uygulama";
		};
		5D33BD9429B4E9B700D8BE3B /* PBXContainerItemProxy */ = {
			isa = PBXContainerItemProxy;
			containerPortal = 5D33BD6B29B4E9B500D8BE3B /* Project object */;
			proxyType = 1;
			remoteGlobalIDString = 5D33BD7229B4E9B500D8BE3B;
			remoteInfo = "File Islemleri - Uygulama";
		};
/* End PBXContainerItemProxy section */

/* Begin PBXFileReference section */
		5D33BD7329B4E9B500D8BE3B /* File Islemleri - Uygulama.app */ = {isa = PBXFileReference; explicitFileType = wrapper.application; includeInIndex = 0; path = "File Islemleri - Uygulama.app"; sourceTree = BUILT_PRODUCTS_DIR; };
		5D33BD7629B4E9B500D8BE3B /* AppDelegate.swift */ = {isa = PBXFileReference; lastKnownFileType = sourcecode.swift; path = AppDelegate.swift; sourceTree = "<group>"; };
		5D33BD7829B4E9B500D8BE3B /* SceneDelegate.swift */ = {isa = PBXFileReference; lastKnownFileType = sourcecode.swift; path = SceneDelegate.swift; sourceTree = "<group>"; };
		5D33BD7A29B4E9B500D8BE3B /* ViewController.swift */ = {isa = PBXFileReference; lastKnownFileType = sourcecode.swift; path = ViewController.swift; sourceTree = "<group>"; };
		5D33BD7D29B4E9B500D8BE3B /* Base */ = {isa = PBXFileReference; lastKnownFileType = file.storyboard; name = Base; path = Base.lproj/Main.storyboard; sourceTree = "<group>"; };
		5D33BD7F29B4E9B700D8BE3B /* Assets.xcassets */ = {isa = PBXFileReference; lastKnownFileType = folder.assetcatalog; path = Assets.xcassets; sourceTree = "<group>"; };
		5D33BD8229B4E9B700D8BE3B /* Base */ = {isa = PBXFileReference; lastKnownFileType = file.storyboard; name = Base; path = Base.lproj/LaunchScreen.storyboard; sourceTree = "<group>"; };
		5D33BD8429B4E9B700D8BE3B /* Info.plist */ = {isa = PBXFileReference; lastKnownFileType = text.plist.xml; path = Info.plist; sourceTree = "<group>"; };
		5D33BD8929B4E9B700D8BE3B /* File Islemleri - UygulamaTests.xctest */ = {isa = PBXFileReference; explicitFileType = wrapper.cfbundle; includeInIndex = 0; path = "File Islemleri - UygulamaTests.xctest"; sourceTree = BUILT_PRODUCTS_DIR; };
		5D33BD8D29B4E9B700D8BE3B /* File_Islemleri___UygulamaTests.swift */ = {isa = PBXFileReference; lastKnownFileType = sourcecode.swift; path = "File_Islemleri___UygulamaTests.swift"; sourceTree = "<group>"; };
		5D33BD9329B4E9B700D8BE3B /* File Islemleri - UygulamaUITests.xctest */ = {isa = PBXFileReference; explicitFileType = wrapper.cfbundle; includeInIndex = 0; path = "File Islemleri - UygulamaUITests.xctest"; sourceTree = BUILT_PRODUCTS_DIR; };
		5D33BD9729B4E9B700D8BE3B /* File_Islemleri___UygulamaUITests.swift */ = {isa = PBXFileReference; lastKnownFileType = sourcecode.swift; path = "File_Islemleri___UygulamaUITests.swift"; sourceTree = "<group>"; };
		5D33BD9929B4E9B700D8BE3B /* File_Islemleri___UygulamaUITestsLaunchTests.swift */ = {isa = PBXFileReference; lastKnownFileType = sourcecode.swift; path = "File_Islemleri___UygulamaUITestsLaunchTests.swift"; sourceTree = "<group>"; };
/* End PBXFileReference section */

/* Begin PBXFrameworksBuildPhase section */
		5D33BD7029B4E9B500D8BE3B /* Frameworks */ = {
			isa = PBXFrameworksBuildPhase;
			buildActionMask = 2147483647;
			files = (
			);
			runOnlyForDeploymentPostprocessing = 0;
		};
		5D33BD8629B4E9B700D8BE3B /* Frameworks */ = {
			isa = PBXFrameworksBuildPhase;
			buildActionMask = 2147483647;
			files = (
			);
			runOnlyForDeploymentPostprocessing = 0;
		};
		5D33BD9029B4E9B700D8BE3B /* Frameworks */ = {
			isa = PBXFrameworksBuildPhase;
			buildActionMask = 2147483647;
			files = (
			);
			runOnlyForDeploymentPostprocessing = 0;
		};
/* End PBXFrameworksBuildPhase section */

/* Begin PBXGroup section */
		5D33BD6A29B4E9B500D8BE3B = {
			isa = PBXGroup;
			children = (
				5D33BD7529B4E9B500D8BE3B /* File Islemleri - Uygulama */,
				5D33BD8C29B4E9B700D8BE3B /* File Islemleri - UygulamaTests */,
				5D33BD9629B4E9B700D8BE3B /* File Islemleri - UygulamaUITests */,
				5D33BD7429B4E9B500D8BE3B /* Products */,
			);
			sourceTree = "<group>";
		};
		5D33BD7429B4E9B500D8BE3B /* Products */ = {
			isa = PBXGroup;
			children = (
				5D33BD7329B4E9B500D8BE3B /* File Islemleri - Uygulama.app */,
				5D33BD8929B4E9B700D8BE3B /* File Islemleri - UygulamaTests.xctest */,
				5D33BD9329B4E9B700D8BE3B /* File Islemleri - UygulamaUITests.xctest */,
			);
			name = Products;
			sourceTree = "<group>";
		};
		5D33BD7529B4E9B500D8BE3B /* File Islemleri - Uygulama */ = {
			isa = PBXGroup;
			children = (
				5D33BD7629B4E9B500D8BE3B /* AppDelegate.swift */,
				5D33BD7829B4E9B500D8BE3B /* SceneDelegate.swift */,
				5D33BD7A29B4E9B500D8BE3B /* ViewController.swift */,
				5D33BD7C29B4E9B500D8BE3B /* Main.storyboard */,
				5D33BD7F29B4E9B700D8BE3B /* Assets.xcassets */,
				5D33BD8129B4E9B700D8BE3B /* LaunchScreen.storyboard */,
				5D33BD8429B4E9B700D8BE3B /* Info.plist */,
			);
			path = "File Islemleri - Uygulama";
			sourceTree = "<group>";
		};
		5D33BD8C29B4E9B700D8BE3B /* File Islemleri - UygulamaTests */ = {
			isa = PBXGroup;
			children = (
				5D33BD8D29B4E9B700D8BE3B /* File_Islemleri___UygulamaTests.swift */,
			);
			path = "File Islemleri - UygulamaTests";
			sourceTree = "<group>";
		};
		5D33BD9629B4E9B700D8BE3B /* File Islemleri - UygulamaUITests */ = {
			isa = PBXGroup;
			children = (
				5D33BD9729B4E9B700D8BE3B /* File_Islemleri___UygulamaUITests.swift */,
				5D33BD9929B4E9B700D8BE3B /* File_Islemleri___UygulamaUITestsLaunchTests.swift */,
			);
			path = "File Islemleri - UygulamaUITests";
			sourceTree = "<group>";
		};
/* End PBXGroup section */

/* Begin PBXNativeTarget section */
		5D33BD7229B4E9B500D8BE3B /* File Islemleri - Uygulama */ = {
			isa = PBXNativeTarget;
			buildConfigurationList = 5D33BD9D29B4E9B700D8BE3B /* Build configuration list for PBXNativeTarget "File Islemleri - Uygulama" */;
			buildPhases = (
				5D33BD6F29B4E9B500D8BE3B /* Sources */,
				5D33BD7029B4E9B500D8BE3B /* Frameworks */,
				5D33BD7129B4E9B500D8BE3B /* Resources */,
			);
			buildRules = (
			);
			dependencies = (
			);
			name = "File Islemleri - Uygulama";
			productName = "File Islemleri - Uygulama";
			productReference = 5D33BD7329B4E9B500D8BE3B /* File Islemleri - Uygulama.app */;
			productType = "com.apple.product-type.application";
		};
		5D33BD8829B4E9B700D8BE3B /* File Islemleri - UygulamaTests */ = {
			isa = PBXNativeTarget;
			buildConfigurationList = 5D33BDA029B4E9B700D8BE3B /* Build configuration list for PBXNativeTarget "File Islemleri - UygulamaTests" */;
			buildPhases = (
				5D33BD8529B4E9B700D8BE3B /* Sources */,
				5D33BD8629B4E9B700D8BE3B /* Frameworks */,
				5D33BD8729B4E9B700D8BE3B /* Resources */,
			);
			buildRules = (
			);
			dependencies = (
				5D33BD8B29B4E9B700D8BE3B /* PBXTargetDependency */,
			);
			name = "File Islemleri - UygulamaTests";
			productName = "File Islemleri - UygulamaTests";
			productReference = 5D33BD8929B4E9B700D8BE3B /* File Islemleri - UygulamaTests.xctest */;
			productType = "com.apple.product-type.bundle.unit-test";
		};
		5D33BD9229B4E9B700D8BE3B /* File Islemleri - UygulamaUITests */ = {
			isa = PBXNativeTarget;
			buildConfigurationList = 5D33BDA329B4E9B700D8BE3B /* Build configuration list for PBXNativeTarget "File Islemleri - UygulamaUITests" */;
			buildPhases = (
				5D33BD8F29B4E9B700D8BE3B /* Sources */,
				5D33BD9029B4E9B700D8BE3B /* Frameworks */,
				5D33BD9129B4E9B700D8BE3B /* Resources */,
			);
			buildRules = (
			);
			dependencies = (
				5D33BD9529B4E9B700D8BE3B /* PBXTargetDependency */,
			);
			name = "File Islemleri - UygulamaUITests";
			productName = "File Islemleri - UygulamaUITests";
			productReference = 5D33BD9329B4E9B700D8BE3B /* File Islemleri - UygulamaUITests.xctest */;
			productType = "com.apple.product-type.bundle.ui-testing";
		};
/* End PBXNativeTarget section */

/* Begin PBXProject section */
		5D33BD6B29B4E9B500D8BE3B /* Project object */ = {
			isa = PBXProject;
			attributes = {
				BuildIndependentTargetsInParallel = 1;
				LastSwiftUpdateCheck = 1410;
				LastUpgradeCheck = 1410;
				TargetAttributes = {
					5D33BD7229B4E9B500D8BE3B = {
						CreatedOnToolsVersion = 14.1;
					};
					5D33BD8829B4E9B700D8BE3B = {
						CreatedOnToolsVersion = 14.1;
						TestTargetID = 5D33BD7229B4E9B500D8BE3B;
					};
					5D33BD9229B4E9B700D8BE3B = {
						CreatedOnToolsVersion = 14.1;
						TestTargetID = 5D33BD7229B4E9B500D8BE3B;
					};
				};
			};
			buildConfigurationList = 5D33BD6E29B4E9B500D8BE3B /* Build configuration list for PBXProject "File Islemleri - Uygulama" */;
			compatibilityVersion = "Xcode 14.0";
			developmentRegion = en;
			hasScannedForEncodings = 0;
			knownRegions = (
				en,
				Base,
			);
			mainGroup = 5D33BD6A29B4E9B500D8BE3B;
			productRefGroup = 5D33BD7429B4E9B500D8BE3B /* Products */;
			projectDirPath = "";
			projectRoot = "";
			targets = (
				5D33BD7229B4E9B500D8BE3B /* File Islemleri - Uygulama */,
				5D33BD8829B4E9B700D8BE3B /* File Islemleri - UygulamaTests */,
				5D33BD9229B4E9B700D8BE3B /* File Islemleri - UygulamaUITests */,
			);
		};
/* End PBXProject section */

/* Begin PBXResourcesBuildPhase section */
		5D33BD7129B4E9B500D8BE3B /* Resources */ = {
			isa = PBXResourcesBuildPhase;
			buildActionMask = 2147483647;
			files = (
				5D33BD8329B4E9B700D8BE3B /* LaunchScreen.storyboard in Resources */,
				5D33BD8029B4E9B700D8BE3B /* Assets.xcassets in Resources */,
				5D33BD7E29B4E9B500D8BE3B /* Main.storyboard in Resources */,
			);
			runOnlyForDeploymentPostprocessing = 0;
		};
		5D33BD8729B4E9B700D8BE3B /* Resources */ = {
			isa = PBXResourcesBuildPhase;
			buildActionMask = 2147483647;
			files = (
			);
			runOnlyForDeploymentPostprocessing = 0;
		};
		5D33BD9129B4E9B700D8BE3B /* Resources */ = {
			isa = PBXResourcesBuildPhase;
			buildActionMask = 2147483647;
			files = (
			);
			runOnlyForDeploymentPostprocessing = 0;
		};
/* End PBXResourcesBuildPhase section */

/* Begin PBXSourcesBuildPhase section */
		5D33BD6F29B4E9B500D8BE3B /* Sources */ = {
			isa = PBXSourcesBuildPhase;
			buildActionMask = 2147483647;
			files = (
				5D33BD7B29B4E9B500D8BE3B /* ViewController.swift in Sources */,
				5D33BD7729B4E9B500D8BE3B /* AppDelegate.swift in Sources */,
				5D33BD7929B4E9B500D8BE3B /* SceneDelegate.swift in Sources */,
			);
			runOnlyForDeploymentPostprocessing = 0;
		};
		5D33BD8529B4E9B700D8BE3B /* Sources */ = {
			isa = PBXSourcesBuildPhase;
			buildActionMask = 2147483647;
			files = (
				5D33BD8E29B4E9B700D8BE3B /* File_Islemleri___UygulamaTests.swift in Sources */,
			);
			runOnlyForDeploymentPostprocessing = 0;
		};
		5D33BD8F29B4E9B700D8BE3B /* Sources */ = {
			isa = PBXSourcesBuildPhase;
			buildActionMask = 2147483647;
			files = (
				5D33BD9A29B4E9B700D8BE3B /* File_Islemleri___UygulamaUITestsLaunchTests.swift in Sources */,
				5D33BD9829B4E9B700D8BE3B /* File_Islemleri___UygulamaUITests.swift in Sources */,
			);
			runOnlyForDeploymentPostprocessing = 0;
		};
/* End PBXSourcesBuildPhase section */

/* Begin PBXTargetDependency section */
		5D33BD8B29B4E9B700D8BE3B /* PBXTargetDependency */ = {
			isa = PBXTargetDependency;
			target = 5D33BD7229B4E9B500D8BE3B /* File Islemleri - Uygulama */;
			targetProxy = 5D33BD8A29B4E9B700D8BE3B /* PBXContainerItemProxy */;
		};
		5D33BD9529B4E9B700D8BE3B /* PBXTargetDependency */ = {
			isa = PBXTargetDependency;
			target = 5D33BD7229B4E9B500D8BE3B /* File Islemleri - Uygulama */;
			targetProxy = 5D33BD9429B4E9B700D8BE3B /* PBXContainerItemProxy */;
		};
/* End PBXTargetDependency section */

/* Begin PBXVariantGroup section */
		5D33BD7C29B4E9B500D8BE3B /* Main.storyboard */ = {
			isa = PBXVariantGroup;
			children = (
				5D33BD7D29B4E9B500D8BE3B /* Base */,
			);
			name = Main.storyboard;
			sourceTree = "<group>";
		};
		5D33BD8129B4E9B700D8BE3B /* LaunchScreen.storyboard */ = {
			isa = PBXVariantGroup;
			children = (
				5D33BD8229B4E9B700D8BE3B /* Base */,
			);
			name = LaunchScreen.storyboard;
			sourceTree = "<group>";
		};
/* End PBXVariantGroup section */

/* Begin XCBuildConfiguration section */
		5D33BD9B29B4E9B700D8BE3B /* Debug */ = {
			isa = XCBuildConfiguration;
			buildSettings = {
				ALWAYS_SEARCH_USER_PATHS = NO;
				CLANG_ANALYZER_NONNULL = YES;
				CLANG_ANALYZER_NUMBER_OBJECT_CONVERSION = YES_AGGRESSIVE;
				CLANG_CXX_LANGUAGE_STANDARD = "gnu++20";
				CLANG_ENABLE_MODULES = YES;
				CLANG_ENABLE_OBJC_ARC = YES;
				CLANG_ENABLE_OBJC_WEAK = YES;
				CLANG_WARN_BLOCK_CAPTURE_AUTORELEASING = YES;
				CLANG_WARN_BOOL_CONVERSION = YES;
				CLANG_WARN_COMMA = YES;
				CLANG_WARN_CONSTANT_CONVERSION = YES;
				CLANG_WARN_DEPRECATED_OBJC_IMPLEMENTATIONS = YES;
				CLANG_WARN_DIRECT_OBJC_ISA_USAGE = YES_ERROR;
				CLANG_WARN_DOCUMENTATION_COMMENTS = YES;
				CLANG_WARN_EMPTY_BODY = YES;
				CLANG_WARN_ENUM_CONVERSION = YES;
				CLANG_WARN_INFINITE_RECURSION = YES;
				CLANG_WARN_INT_CONVERSION = YES;
				CLANG_WARN_NON_LITERAL_NULL_CONVERSION = YES;
				CLANG_WARN_OBJC_IMPLICIT_RETAIN_SELF = YES;
				CLANG_WARN_OBJC_LITERAL_CONVERSION = YES;
				CLANG_WARN_OBJC_ROOT_CLASS = YES_ERROR;
				CLANG_WARN_QUOTED_INCLUDE_IN_FRAMEWORK_HEADER = YES;
				CLANG_WARN_RANGE_LOOP_ANALYSIS = YES;
				CLANG_WARN_STRICT_PROTOTYPES = YES;
				CLANG_WARN_SUSPICIOUS_MOVE = YES;
				CLANG_WARN_UNGUARDED_AVAILABILITY = YES_AGGRESSIVE;
				CLANG_WARN_UNREACHABLE_CODE = YES;
				CLANG_WARN__DUPLICATE_METHOD_MATCH = YES;
				COPY_PHASE_STRIP = NO;
				DEBUG_INFORMATION_FORMAT = dwarf;
				ENABLE_STRICT_OBJC_MSGSEND = YES;
				ENABLE_TESTABILITY = YES;
				GCC_C_LANGUAGE_STANDARD = gnu11;
				GCC_DYNAMIC_NO_PIC = NO;
				GCC_NO_COMMON_BLOCKS = YES;
				GCC_OPTIMIZATION_LEVEL = 0;
				GCC_PREPROCESSOR_DEFINITIONS = (
					"DEBUG=1",
					"$(inherited)",
				);
				GCC_WARN_64_TO_32_BIT_CONVERSION = YES;
				GCC_WARN_ABOUT_RETURN_TYPE = YES_ERROR;
				GCC_WARN_UNDECLARED_SELECTOR = YES;
				GCC_WARN_UNINITIALIZED_AUTOS = YES_AGGRESSIVE;
				GCC_WARN_UNUSED_FUNCTION = YES;
				GCC_WARN_UNUSED_VARIABLE = YES;
				IPHONEOS_DEPLOYMENT_TARGET = 16.1;
				MTL_ENABLE_DEBUG_INFO = INCLUDE_SOURCE;
				MTL_FAST_MATH = YES;
				ONLY_ACTIVE_ARCH = YES;
				SDKROOT = iphoneos;
				SWIFT_ACTIVE_COMPILATION_CONDITIONS = DEBUG;
				SWIFT_OPTIMIZATION_LEVEL = "-Onone";
			};
			name = Debug;
		};
		5D33BD9C29B4E9B700D8BE3B /* Release */ = {
			isa = XCBuildConfiguration;
			buildSettings = {
				ALWAYS_SEARCH_USER_PATHS = NO;
				CLANG_ANALYZER_NONNULL = YES;
				CLANG_ANALYZER_NUMBER_OBJECT_CONVERSION = YES_AGGRESSIVE;
				CLANG_CXX_LANGUAGE_STANDARD = "gnu++20";
				CLANG_ENABLE_MODULES = YES;
				CLANG_ENABLE_OBJC_ARC = YES;
				CLANG_ENABLE_OBJC_WEAK = YES;
				CLANG_WARN_BLOCK_CAPTURE_AUTORELEASING = YES;
				CLANG_WARN_BOOL_CONVERSION = YES;
				CLANG_WARN_COMMA = YES;
				CLANG_WARN_CONSTANT_CONVERSION = YES;
				CLANG_WARN_DEPRECATED_OBJC_IMPLEMENTATIONS = YES;
				CLANG_WARN_DIRECT_OBJC_ISA_USAGE = YES_ERROR;
				CLANG_WARN_DOCUMENTATION_COMMENTS = YES;
				CLANG_WARN_EMPTY_BODY = YES;
				CLANG_WARN_ENUM_CONVERSION = YES;
				CLANG_WARN_INFINITE_RECURSION = YES;
				CLANG_WARN_INT_CONVERSION = YES;
				CLANG_WARN_NON_LITERAL_NULL_CONVERSION = YES;
				CLANG_WARN_OBJC_IMPLICIT_RETAIN_SELF = YES;
				CLANG_WARN_OBJC_LITERAL_CONVERSION = YES;
				CLANG_WARN_OBJC_ROOT_CLASS = YES_ERROR;
				CLANG_WARN_QUOTED_INCLUDE_IN_FRAMEWORK_HEADER = YES;
				CLANG_WARN_RANGE_LOOP_ANALYSIS = YES;
				CLANG_WARN_STRICT_PROTOTYPES = YES;
				CLANG_WARN_SUSPICIOUS_MOVE = YES;
				CLANG_WARN_UNGUARDED_AVAILABILITY = YES_AGGRESSIVE;
				CLANG_WARN_UNREACHABLE_CODE = YES;
				CLANG_WARN__DUPLICATE_METHOD_MATCH = YES;
				COPY_PHASE_STRIP = NO;
				DEBUG_INFORMATION_FORMAT = "dwarf-with-dsym";
				ENABLE_NS_ASSERTIONS = NO;
				ENABLE_STRICT_OBJC_MSGSEND = YES;
				GCC_C_LANGUAGE_STANDARD = gnu11;
				GCC_NO_COMMON_BLOCKS = YES;
				GCC_WARN_64_TO_32_BIT_CONVERSION = YES;
				GCC_WARN_ABOUT_RETURN_TYPE = YES_ERROR;
				GCC_WARN_UNDECLARED_SELECTOR = YES;
				GCC_WARN_UNINITIALIZED_AUTOS = YES_AGGRESSIVE;
				GCC_WARN_UNUSED_FUNCTION = YES;
				GCC_WARN_UNUSED_VARIABLE = YES;
				IPHONEOS_DEPLOYMENT_TARGET = 16.1;
				MTL_ENABLE_DEBUG_INFO = NO;
				MTL_FAST_MATH = YES;
				SDKROOT = iphoneos;
				SWIFT_COMPILATION_MODE = wholemodule;
				SWIFT_OPTIMIZATION_LEVEL = "-O";
				VALIDATE_PRODUCT = YES;
			};
			name = Release;
		};
		5D33BD9E29B4E9B700D8BE3B /* Debug */ = {
			isa = XCBuildConfiguration;
			buildSettings = {
				ASSETCATALOG_COMPILER_APPICON_NAME = AppIcon;
				ASSETCATALOG_COMPILER_GLOBAL_ACCENT_COLOR_NAME = AccentColor;
				CODE_SIGN_STYLE = Automatic;
				CURRENT_PROJECT_VERSION = 1;
				GENERATE_INFOPLIST_FILE = YES;
				INFOPLIST_FILE = "File Islemleri - Uygulama/Info.plist";
				INFOPLIST_KEY_UIApplicationSupportsIndirectInputEvents = YES;
				INFOPLIST_KEY_UILaunchStoryboardName = LaunchScreen;
				INFOPLIST_KEY_UIMainStoryboardFile = Main;
				INFOPLIST_KEY_UISupportedInterfaceOrientations_iPad = "UIInterfaceOrientationPortrait UIInterfaceOrientationPortraitUpsideDown UIInterfaceOrientationLandscapeLeft UIInterfaceOrientationLandscapeRight";
				INFOPLIST_KEY_UISupportedInterfaceOrientations_iPhone = "UIInterfaceOrientationPortrait UIInterfaceOrientationLandscapeLeft UIInterfaceOrientationLandscapeRight";
				LD_RUNPATH_SEARCH_PATHS = (
					"$(inherited)",
					"@executable_path/Frameworks",
				);
				MARKETING_VERSION = 1.0;
				PRODUCT_BUNDLE_IDENTIFIER = "info.File-Islemleri---Uygulama";
				PRODUCT_NAME = "$(TARGET_NAME)";
				SWIFT_EMIT_LOC_STRINGS = YES;
				SWIFT_VERSION = 5.0;
				TARGETED_DEVICE_FAMILY = "1,2";
			};
			name = Debug;
		};
		5D33BD9F29B4E9B700D8BE3B /* Release */ = {
			isa = XCBuildConfiguration;
			buildSettings = {
				ASSETCATALOG_COMPILER_APPICON_NAME = AppIcon;
				ASSETCATALOG_COMPILER_GLOBAL_ACCENT_COLOR_NAME = AccentColor;
				CODE_SIGN_STYLE = Automatic;
				CURRENT_PROJECT_VERSION = 1;
				GENERATE_INFOPLIST_FILE = YES;
				INFOPLIST_FILE = "File Islemleri - Uygulama/Info.plist";
				INFOPLIST_KEY_UIApplicationSupportsIndirectInputEvents = YES;
				INFOPLIST_KEY_UILaunchStoryboardName = LaunchScreen;
				INFOPLIST_KEY_UIMainStoryboardFile = Main;
				INFOPLIST_KEY_UISupportedInterfaceOrientations_iPad = "UIInterfaceOrientationPortrait UIInterfaceOrientationPortraitUpsideDown UIInterfaceOrientationLandscapeLeft UIInterfaceOrientationLandscapeRight";
				INFOPLIST_KEY_UISupportedInterfaceOrientations_iPhone = "UIInterfaceOrientationPortrait UIInterfaceOrientationLandscapeLeft UIInterfaceOrientationLandscapeRight";
				LD_RUNPATH_SEARCH_PATHS = (
					"$(inherited)",
					"@executable_path/Frameworks",
				);
				MARKETING_VERSION = 1.0;
				PRODUCT_BUNDLE_IDENTIFIER = "info.File-Islemleri---Uygulama";
				PRODUCT_NAME = "$(TARGET_NAME)";
				SWIFT_EMIT_LOC_STRINGS = YES;
				SWIFT_VERSION = 5.0;
				TARGETED_DEVICE_FAMILY = "1,2";
			};
			name = Release;
		};
		5D33BDA129B4E9B700D8BE3B /* Debug */ = {
			isa = XCBuildConfiguration;
			buildSettings = {
				ALWAYS_EMBED_SWIFT_STANDARD_LIBRARIES = YES;
				BUNDLE_LOADER = "$(TEST_HOST)";
				CODE_SIGN_STYLE = Automatic;
				CURRENT_PROJECT_VERSION = 1;
				GENERATE_INFOPLIST_FILE = YES;
				IPHONEOS_DEPLOYMENT_TARGET = 16.1;
				MARKETING_VERSION = 1.0;
				PRODUCT_BUNDLE_IDENTIFIER = "info.File-Islemleri---UygulamaTests";
				PRODUCT_NAME = "$(TARGET_NAME)";
				SWIFT_EMIT_LOC_STRINGS = NO;
				SWIFT_VERSION = 5.0;
				TARGETED_DEVICE_FAMILY = "1,2";
				TEST_HOST = "$(BUILT_PRODUCTS_DIR)/File Islemleri - Uygulama.app/$(BUNDLE_EXECUTABLE_FOLDER_PATH)/File Islemleri - Uygulama";
			};
			name = Debug;
		};
		5D33BDA229B4E9B700D8BE3B /* Release */ = {
			isa = XCBuildConfiguration;
			buildSettings = {
				ALWAYS_EMBED_SWIFT_STANDARD_LIBRARIES = YES;
				BUNDLE_LOADER = "$(TEST_HOST)";
				CODE_SIGN_STYLE = Automatic;
				CURRENT_PROJECT_VERSION = 1;
				GENERATE_INFOPLIST_FILE = YES;
				IPHONEOS_DEPLOYMENT_TARGET = 16.1;
				MARKETING_VERSION = 1.0;
				PRODUCT_BUNDLE_IDENTIFIER = "info.File-Islemleri---UygulamaTests";
				PRODUCT_NAME = "$(TARGET_NAME)";
				SWIFT_EMIT_LOC_STRINGS = NO;
				SWIFT_VERSION = 5.0;
				TARGETED_DEVICE_FAMILY = "1,2";
				TEST_HOST = "$(BUILT_PRODUCTS_DIR)/File Islemleri - Uygulama.app/$(BUNDLE_EXECUTABLE_FOLDER_PATH)/File Islemleri - Uygulama";
			};
			name = Release;
		};
		5D33BDA429B4E9B700D8BE3B /* Debug */ = {
			isa = XCBuildConfiguration;
			buildSettings = {
				ALWAYS_EMBED_SWIFT_STANDARD_LIBRARIES = YES;
				CODE_SIGN_STYLE = Automatic;
				CURRENT_PROJECT_VERSION = 1;
				GENERATE_INFOPLIST_FILE = YES;
				MARKETING_VERSION = 1.0;
				PRODUCT_BUNDLE_IDENTIFIER = "info.File-Islemleri---UygulamaUITests";
				PRODUCT_NAME = "$(TARGET_NAME)";
				SWIFT_EMIT_LOC_STRINGS = NO;
				SWIFT_VERSION = 5.0;
				TARGETED_DEVICE_FAMILY = "1,2";
				TEST_TARGET_NAME = "File Islemleri - Uygulama";
			};
			name = Debug;
		};
		5D33BDA529B4E9B700D8BE3B /* Release */ = {
			isa = XCBuildConfiguration;
			buildSettings = {
				ALWAYS_EMBED_SWIFT_STANDARD_LIBRARIES = YES;
				CODE_SIGN_STYLE = Automatic;
				CURRENT_PROJECT_VERSION = 1;
				GENERATE_INFOPLIST_FILE = YES;
				MARKETING_VERSION = 1.0;
				PRODUCT_BUNDLE_IDENTIFIER = "info.File-Islemleri---UygulamaUITests";
				PRODUCT_NAME = "$(TARGET_NAME)";
				SWIFT_EMIT_LOC_STRINGS = NO;
				SWIFT_VERSION = 5.0;
				TARGETED_DEVICE_FAMILY = "1,2";
				TEST_TARGET_NAME = "File Islemleri - Uygulama";
			};
			name = Release;
		};
/* End XCBuildConfiguration section */

/* Begin XCConfigurationList section */
		5D33BD6E29B4E9B500D8BE3B /* Build configuration list for PBXProject "File Islemleri - Uygulama" */ = {
			isa = XCConfigurationList;
			buildConfigurations = (
				5D33BD9B29B4E9B700D8BE3B /* Debug */,
				5D33BD9C29B4E9B700D8BE3B /* Release */,
			);
			defaultConfigurationIsVisible = 0;
			defaultConfigurationName = Release;
		};
		5D33BD9D29B4E9B700D8BE3B /* Build configuration list for PBXNativeTarget "File Islemleri - Uygulama" */ = {
			isa = XCConfigurationList;
			buildConfigurations = (
				5D33BD9E29B4E9B700D8BE3B /* Debug */,
				5D33BD9F29B4E9B700D8BE3B /* Release */,
			);
			defaultConfigurationIsVisible = 0;
			defaultConfigurationName = Release;
		};
		5D33BDA029B4E9B700D8BE3B /* Build configuration list for PBXNativeTarget "File Islemleri - UygulamaTests" */ = {
			isa = XCConfigurationList;
			buildConfigurations = (
				5D33BDA129B4E9B700D8BE3B /* Debug */,
				5D33BDA229B4E9B700D8BE3B /* Release */,
			);
			defaultConfigurationIsVisible = 0;
			defaultConfigurationName = Release;
		};
		5D33BDA329B4E9B700D8BE3B /* Build configuration list for PBXNativeTarget "File Islemleri - UygulamaUITests" */ = {
			isa = XCConfigurationList;
			buildConfigurations = (
				5D33BDA429B4E9B700D8BE3B /* Debug */,
				5D33BDA529B4E9B700D8BE3B /* Release */,
			);
			defaultConfigurationIsVisible = 0;
			defaultConfigurationName = Release;
		};
/* End XCConfigurationList section */
	};
	rootObject = 5D33BD6B29B4E9B500D8BE3B /* Project object */;
}
