// !$*UTF8*$!
{
	archiveVersion = 1;
	classes = {
	};
	objectVersion = 56;
	objects = {

/* Begin PBXBuildFile section */
		5D3F47252AEB9C7700483F3D /* AppDelegate.swift in Sources */ = {isa = PBXBuildFile; fileRef = 5D3F47242AEB9C7700483F3D /* AppDelegate.swift */; };
		5D3F47272AEB9C7700483F3D /* SceneDelegate.swift in Sources */ = {isa = PBXBuildFile; fileRef = 5D3F47262AEB9C7700483F3D /* SceneDelegate.swift */; };
		5D3F47292AEB9C7700483F3D /* ViewController.swift in Sources */ = {isa = PBXBuildFile; fileRef = 5D3F47282AEB9C7700483F3D /* ViewController.swift */; };
		5D3F472C2AEB9C7700483F3D /* Main.storyboard in Resources */ = {isa = PBXBuildFile; fileRef = 5D3F472A2AEB9C7700483F3D /* Main.storyboard */; };
		5D3F472E2AEB9C7A00483F3D /* Assets.xcassets in Resources */ = {isa = PBXBuildFile; fileRef = 5D3F472D2AEB9C7A00483F3D /* Assets.xcassets */; };
		5D3F47312AEB9C7A00483F3D /* LaunchScreen.storyboard in Resources */ = {isa = PBXBuildFile; fileRef = 5D3F472F2AEB9C7A00483F3D /* LaunchScreen.storyboard */; };
		5D3F47392AEB9D6000483F3D /* NotHucreTableViewCell.swift in Sources */ = {isa = PBXBuildFile; fileRef = 5D3F47382AEB9D6000483F3D /* NotHucreTableViewCell.swift */; };
		5D3F473B2AEBA01100483F3D /* NotEkleViewController.swift in Sources */ = {isa = PBXBuildFile; fileRef = 5D3F473A2AEBA01100483F3D /* NotEkleViewController.swift */; };
		5D3F473D2AEBA02A00483F3D /* NotDetayViewController.swift in Sources */ = {isa = PBXBuildFile; fileRef = 5D3F473C2AEBA02A00483F3D /* NotDetayViewController.swift */; };
		5D3F473F2AEBA6D400483F3D /* Notlar.swift in Sources */ = {isa = PBXBuildFile; fileRef = 5D3F473E2AEBA6D400483F3D /* Notlar.swift */; };
		5D3F474E2AEBAEFF00483F3D /* FMDatabase.m in Sources */ = {isa = PBXBuildFile; fileRef = 5D3F47432AEBAEFE00483F3D /* FMDatabase.m */; };
		5D3F474F2AEBAEFF00483F3D /* FMDatabasePool.m in Sources */ = {isa = PBXBuildFile; fileRef = 5D3F47452AEBAEFE00483F3D /* FMDatabasePool.m */; };
		5D3F47502AEBAEFF00483F3D /* FMDatabaseAdditions.m in Sources */ = {isa = PBXBuildFile; fileRef = 5D3F47492AEBAEFE00483F3D /* FMDatabaseAdditions.m */; };
		5D3F47512AEBAEFF00483F3D /* FMDatabaseQueue.m in Sources */ = {isa = PBXBuildFile; fileRef = 5D3F474B2AEBAEFF00483F3D /* FMDatabaseQueue.m */; };
		5D3F47522AEBAEFF00483F3D /* FMResultSet.m in Sources */ = {isa = PBXBuildFile; fileRef = 5D3F474D2AEBAEFF00483F3D /* FMResultSet.m */; };
		5D3F47542AEBAF5B00483F3D /* notlar.sqlite in Resources */ = {isa = PBXBuildFile; fileRef = 5D3F47532AEBAF5B00483F3D /* notlar.sqlite */; };
		5D3F47562AEBAFF600483F3D /* Notlardao.swift in Sources */ = {isa = PBXBuildFile; fileRef = 5D3F47552AEBAFF600483F3D /* Notlardao.swift */; };
/* End PBXBuildFile section */

/* Begin PBXFileReference section */
		5D3F47212AEB9C7700483F3D /* OgrenciNotUygulamasi.app */ = {isa = PBXFileReference; explicitFileType = wrapper.application; includeInIndex = 0; path = OgrenciNotUygulamasi.app; sourceTree = BUILT_PRODUCTS_DIR; };
		5D3F47242AEB9C7700483F3D /* AppDelegate.swift */ = {isa = PBXFileReference; lastKnownFileType = sourcecode.swift; path = AppDelegate.swift; sourceTree = "<group>"; };
		5D3F47262AEB9C7700483F3D /* SceneDelegate.swift */ = {isa = PBXFileReference; lastKnownFileType = sourcecode.swift; path = SceneDelegate.swift; sourceTree = "<group>"; };
		5D3F47282AEB9C7700483F3D /* ViewController.swift */ = {isa = PBXFileReference; lastKnownFileType = sourcecode.swift; path = ViewController.swift; sourceTree = "<group>"; };
		5D3F472B2AEB9C7700483F3D /* Base */ = {isa = PBXFileReference; lastKnownFileType = file.storyboard; name = Base; path = Base.lproj/Main.storyboard; sourceTree = "<group>"; };
		5D3F472D2AEB9C7A00483F3D /* Assets.xcassets */ = {isa = PBXFileReference; lastKnownFileType = folder.assetcatalog; path = Assets.xcassets; sourceTree = "<group>"; };
		5D3F47302AEB9C7A00483F3D /* Base */ = {isa = PBXFileReference; lastKnownFileType = file.storyboard; name = Base; path = Base.lproj/LaunchScreen.storyboard; sourceTree = "<group>"; };
		5D3F47322AEB9C7A00483F3D /* Info.plist */ = {isa = PBXFileReference; lastKnownFileType = text.plist.xml; path = Info.plist; sourceTree = "<group>"; };
		5D3F47382AEB9D6000483F3D /* NotHucreTableViewCell.swift */ = {isa = PBXFileReference; lastKnownFileType = sourcecode.swift; path = NotHucreTableViewCell.swift; sourceTree = "<group>"; };
		5D3F473A2AEBA01100483F3D /* NotEkleViewController.swift */ = {isa = PBXFileReference; lastKnownFileType = sourcecode.swift; path = NotEkleViewController.swift; sourceTree = "<group>"; };
		5D3F473C2AEBA02A00483F3D /* NotDetayViewController.swift */ = {isa = PBXFileReference; lastKnownFileType = sourcecode.swift; path = NotDetayViewController.swift; sourceTree = "<group>"; };
		5D3F473E2AEBA6D400483F3D /* Notlar.swift */ = {isa = PBXFileReference; lastKnownFileType = sourcecode.swift; path = Notlar.swift; sourceTree = "<group>"; };
		5D3F47412AEBAEC400483F3D /* libsqlite3.tbd */ = {isa = PBXFileReference; lastKnownFileType = "sourcecode.text-based-dylib-definition"; name = libsqlite3.tbd; path = usr/lib/libsqlite3.tbd; sourceTree = SDKROOT; };
		5D3F47422AEBAEFD00483F3D /* OgrenciNotUygulamasi-Bridging-Header.h */ = {isa = PBXFileReference; lastKnownFileType = sourcecode.c.h; path = "OgrenciNotUygulamasi-Bridging-Header.h"; sourceTree = "<group>"; };
		5D3F47432AEBAEFE00483F3D /* FMDatabase.m */ = {isa = PBXFileReference; fileEncoding = 4; lastKnownFileType = sourcecode.c.objc; path = FMDatabase.m; sourceTree = "<group>"; };
		5D3F47442AEBAEFE00483F3D /* FMDatabasePool.h */ = {isa = PBXFileReference; fileEncoding = 4; lastKnownFileType = sourcecode.c.h; path = FMDatabasePool.h; sourceTree = "<group>"; };
		5D3F47452AEBAEFE00483F3D /* FMDatabasePool.m */ = {isa = PBXFileReference; fileEncoding = 4; lastKnownFileType = sourcecode.c.objc; path = FMDatabasePool.m; sourceTree = "<group>"; };
		5D3F47462AEBAEFE00483F3D /* FMDB.h */ = {isa = PBXFileReference; fileEncoding = 4; lastKnownFileType = sourcecode.c.h; path = FMDB.h; sourceTree = "<group>"; };
		5D3F47472AEBAEFE00483F3D /* FMResultSet.h */ = {isa = PBXFileReference; fileEncoding = 4; lastKnownFileType = sourcecode.c.h; path = FMResultSet.h; sourceTree = "<group>"; };
		5D3F47482AEBAEFE00483F3D /* FMDatabase.h */ = {isa = PBXFileReference; fileEncoding = 4; lastKnownFileType = sourcecode.c.h; path = FMDatabase.h; sourceTree = "<group>"; };
		5D3F47492AEBAEFE00483F3D /* FMDatabaseAdditions.m */ = {isa = PBXFileReference; fileEncoding = 4; lastKnownFileType = sourcecode.c.objc; path = FMDatabaseAdditions.m; sourceTree = "<group>"; };
		5D3F474A2AEBAEFE00483F3D /* FMDatabaseAdditions.h */ = {isa = PBXFileReference; fileEncoding = 4; lastKnownFileType = sourcecode.c.h; path = FMDatabaseAdditions.h; sourceTree = "<group>"; };
		5D3F474B2AEBAEFF00483F3D /* FMDatabaseQueue.m */ = {isa = PBXFileReference; fileEncoding = 4; lastKnownFileType = sourcecode.c.objc; path = FMDatabaseQueue.m; sourceTree = "<group>"; };
		5D3F474C2AEBAEFF00483F3D /* FMDatabaseQueue.h */ = {isa = PBXFileReference; fileEncoding = 4; lastKnownFileType = sourcecode.c.h; path = FMDatabaseQueue.h; sourceTree = "<group>"; };
		5D3F474D2AEBAEFF00483F3D /* FMResultSet.m */ = {isa = PBXFileReference; fileEncoding = 4; lastKnownFileType = sourcecode.c.objc; path = FMResultSet.m; sourceTree = "<group>"; };
		5D3F47532AEBAF5B00483F3D /* notlar.sqlite */ = {isa = PBXFileReference; lastKnownFileType = file; path = notlar.sqlite; sourceTree = "<group>"; };
		5D3F47552AEBAFF600483F3D /* Notlardao.swift */ = {isa = PBXFileReference; lastKnownFileType = sourcecode.swift; path = Notlardao.swift; sourceTree = "<group>"; };
/* End PBXFileReference section */

/* Begin PBXFrameworksBuildPhase section */
		5D3F471E2AEB9C7700483F3D /* Frameworks */ = {
			isa = PBXFrameworksBuildPhase;
			buildActionMask = 2147483647;
			files = (
			);
			runOnlyForDeploymentPostprocessing = 0;
		};
/* End PBXFrameworksBuildPhase section */

/* Begin PBXGroup section */
		5D3F47182AEB9C7700483F3D = {
			isa = PBXGroup;
			children = (
				5D3F47232AEB9C7700483F3D /* OgrenciNotUygulamasi */,
				5D3F47222AEB9C7700483F3D /* Products */,
				5D3F47402AEBAEC400483F3D /* Frameworks */,
			);
			sourceTree = "<group>";
		};
		5D3F47222AEB9C7700483F3D /* Products */ = {
			isa = PBXGroup;
			children = (
				5D3F47212AEB9C7700483F3D /* OgrenciNotUygulamasi.app */,
			);
			name = Products;
			sourceTree = "<group>";
		};
		5D3F47232AEB9C7700483F3D /* OgrenciNotUygulamasi */ = {
			isa = PBXGroup;
			children = (
				5D3F47532AEBAF5B00483F3D /* notlar.sqlite */,
				5D3F47242AEB9C7700483F3D /* AppDelegate.swift */,
				5D3F47262AEB9C7700483F3D /* SceneDelegate.swift */,
				5D3F47282AEB9C7700483F3D /* ViewController.swift */,
				5D3F472A2AEB9C7700483F3D /* Main.storyboard */,
				5D3F472D2AEB9C7A00483F3D /* Assets.xcassets */,
				5D3F472F2AEB9C7A00483F3D /* LaunchScreen.storyboard */,
				5D3F47322AEB9C7A00483F3D /* Info.plist */,
				5D3F47382AEB9D6000483F3D /* NotHucreTableViewCell.swift */,
				5D3F473A2AEBA01100483F3D /* NotEkleViewController.swift */,
				5D3F473C2AEBA02A00483F3D /* NotDetayViewController.swift */,
				5D3F473E2AEBA6D400483F3D /* Notlar.swift */,
				5D3F47482AEBAEFE00483F3D /* FMDatabase.h */,
				5D3F47432AEBAEFE00483F3D /* FMDatabase.m */,
				5D3F474A2AEBAEFE00483F3D /* FMDatabaseAdditions.h */,
				5D3F47492AEBAEFE00483F3D /* FMDatabaseAdditions.m */,
				5D3F47442AEBAEFE00483F3D /* FMDatabasePool.h */,
				5D3F47452AEBAEFE00483F3D /* FMDatabasePool.m */,
				5D3F474C2AEBAEFF00483F3D /* FMDatabaseQueue.h */,
				5D3F474B2AEBAEFF00483F3D /* FMDatabaseQueue.m */,
				5D3F47462AEBAEFE00483F3D /* FMDB.h */,
				5D3F47472AEBAEFE00483F3D /* FMResultSet.h */,
				5D3F474D2AEBAEFF00483F3D /* FMResultSet.m */,
				5D3F47422AEBAEFD00483F3D /* OgrenciNotUygulamasi-Bridging-Header.h */,
				5D3F47552AEBAFF600483F3D /* Notlardao.swift */,
			);
			path = OgrenciNotUygulamasi;
			sourceTree = "<group>";
		};
		5D3F47402AEBAEC400483F3D /* Frameworks */ = {
			isa = PBXGroup;
			children = (
				5D3F47412AEBAEC400483F3D /* libsqlite3.tbd */,
			);
			name = Frameworks;
			sourceTree = "<group>";
		};
/* End PBXGroup section */

/* Begin PBXNativeTarget section */
		5D3F47202AEB9C7700483F3D /* OgrenciNotUygulamasi */ = {
			isa = PBXNativeTarget;
			buildConfigurationList = 5D3F47352AEB9C7A00483F3D /* Build configuration list for PBXNativeTarget "OgrenciNotUygulamasi" */;
			buildPhases = (
				5D3F471D2AEB9C7700483F3D /* Sources */,
				5D3F471E2AEB9C7700483F3D /* Frameworks */,
				5D3F471F2AEB9C7700483F3D /* Resources */,
			);
			buildRules = (
			);
			dependencies = (
			);
			name = OgrenciNotUygulamasi;
			productName = OgrenciNotUygulamasi;
			productReference = 5D3F47212AEB9C7700483F3D /* OgrenciNotUygulamasi.app */;
			productType = "com.apple.product-type.application";
		};
/* End PBXNativeTarget section */

/* Begin PBXProject section */
		5D3F47192AEB9C7700483F3D /* Project object */ = {
			isa = PBXProject;
			attributes = {
				BuildIndependentTargetsInParallel = 1;
				LastSwiftUpdateCheck = 1500;
				LastUpgradeCheck = 1500;
				TargetAttributes = {
					5D3F47202AEB9C7700483F3D = {
						CreatedOnToolsVersion = 15.0;
						LastSwiftMigration = 1500;
					};
				};
			};
			buildConfigurationList = 5D3F471C2AEB9C7700483F3D /* Build configuration list for PBXProject "OgrenciNotUygulamasi" */;
			compatibilityVersion = "Xcode 14.0";
			developmentRegion = en;
			hasScannedForEncodings = 0;
			knownRegions = (
				en,
				Base,
			);
			mainGroup = 5D3F47182AEB9C7700483F3D;
			productRefGroup = 5D3F47222AEB9C7700483F3D /* Products */;
			projectDirPath = "";
			projectRoot = "";
			targets = (
				5D3F47202AEB9C7700483F3D /* OgrenciNotUygulamasi */,
			);
		};
/* End PBXProject section */

/* Begin PBXResourcesBuildPhase section */
		5D3F471F2AEB9C7700483F3D /* Resources */ = {
			isa = PBXResourcesBuildPhase;
			buildActionMask = 2147483647;
			files = (
				5D3F47312AEB9C7A00483F3D /* LaunchScreen.storyboard in Resources */,
				5D3F47542AEBAF5B00483F3D /* notlar.sqlite in Resources */,
				5D3F472E2AEB9C7A00483F3D /* Assets.xcassets in Resources */,
				5D3F472C2AEB9C7700483F3D /* Main.storyboard in Resources */,
			);
			runOnlyForDeploymentPostprocessing = 0;
		};
/* End PBXResourcesBuildPhase section */

/* Begin PBXSourcesBuildPhase section */
		5D3F471D2AEB9C7700483F3D /* Sources */ = {
			isa = PBXSourcesBuildPhase;
			buildActionMask = 2147483647;
			files = (
				5D3F47562AEBAFF600483F3D /* Notlardao.swift in Sources */,
				5D3F47292AEB9C7700483F3D /* ViewController.swift in Sources */,
				5D3F473F2AEBA6D400483F3D /* Notlar.swift in Sources */,
				5D3F473B2AEBA01100483F3D /* NotEkleViewController.swift in Sources */,
				5D3F47392AEB9D6000483F3D /* NotHucreTableViewCell.swift in Sources */,
				5D3F474F2AEBAEFF00483F3D /* FMDatabasePool.m in Sources */,
				5D3F47252AEB9C7700483F3D /* AppDelegate.swift in Sources */,
				5D3F47522AEBAEFF00483F3D /* FMResultSet.m in Sources */,
				5D3F473D2AEBA02A00483F3D /* NotDetayViewController.swift in Sources */,
				5D3F47272AEB9C7700483F3D /* SceneDelegate.swift in Sources */,
				5D3F47512AEBAEFF00483F3D /* FMDatabaseQueue.m in Sources */,
				5D3F474E2AEBAEFF00483F3D /* FMDatabase.m in Sources */,
				5D3F47502AEBAEFF00483F3D /* FMDatabaseAdditions.m in Sources */,
			);
			runOnlyForDeploymentPostprocessing = 0;
		};
/* End PBXSourcesBuildPhase section */

/* Begin PBXVariantGroup section */
		5D3F472A2AEB9C7700483F3D /* Main.storyboard */ = {
			isa = PBXVariantGroup;
			children = (
				5D3F472B2AEB9C7700483F3D /* Base */,
			);
			name = Main.storyboard;
			sourceTree = "<group>";
		};
		5D3F472F2AEB9C7A00483F3D /* LaunchScreen.storyboard */ = {
			isa = PBXVariantGroup;
			children = (
				5D3F47302AEB9C7A00483F3D /* Base */,
			);
			name = LaunchScreen.storyboard;
			sourceTree = "<group>";
		};
/* End PBXVariantGroup section */

/* Begin XCBuildConfiguration section */
		5D3F47332AEB9C7A00483F3D /* Debug */ = {
			isa = XCBuildConfiguration;
			buildSettings = {
				ALWAYS_SEARCH_USER_PATHS = NO;
				ASSETCATALOG_COMPILER_GENERATE_SWIFT_ASSET_SYMBOL_EXTENSIONS = YES;
				CLANG_ANALYZER_NONNULL = YES;
				CLANG_ANALYZER_NUMBER_OBJECT_CONVERSION = YES_AGGRESSIVE;
				CLANG_CXX_LANGUAGE_STANDARD = "gnu++20";
				CLANG_ENABLE_MODULES = YES;
				CLANG_ENABLE_OBJC_ARC = YES;
				CLANG_ENABLE_OBJC_WEAK = YES;
				CLANG_WARN_BLOCK_CAPTURE_AUTORELEASING = YES;
				CLANG_WARN_BOOL_CONVERSION = YES;
				CLANG_WARN_COMMA = YES;
				CLANG_WARN_CONSTANT_CONVERSION = YES;
				CLANG_WARN_DEPRECATED_OBJC_IMPLEMENTATIONS = YES;
				CLANG_WARN_DIRECT_OBJC_ISA_USAGE = YES_ERROR;
				CLANG_WARN_DOCUMENTATION_COMMENTS = YES;
				CLANG_WARN_EMPTY_BODY = YES;
				CLANG_WARN_ENUM_CONVERSION = YES;
				CLANG_WARN_INFINITE_RECURSION = YES;
				CLANG_WARN_INT_CONVERSION = YES;
				CLANG_WARN_NON_LITERAL_NULL_CONVERSION = YES;
				CLANG_WARN_OBJC_IMPLICIT_RETAIN_SELF = YES;
				CLANG_WARN_OBJC_LITERAL_CONVERSION = YES;
				CLANG_WARN_OBJC_ROOT_CLASS = YES_ERROR;
				CLANG_WARN_QUOTED_INCLUDE_IN_FRAMEWORK_HEADER = YES;
				CLANG_WARN_RANGE_LOOP_ANALYSIS = YES;
				CLANG_WARN_STRICT_PROTOTYPES = YES;
				CLANG_WARN_SUSPICIOUS_MOVE = YES;
				CLANG_WARN_UNGUARDED_AVAILABILITY = YES_AGGRESSIVE;
				CLANG_WARN_UNREACHABLE_CODE = YES;
				CLANG_WARN__DUPLICATE_METHOD_MATCH = YES;
				COPY_PHASE_STRIP = NO;
				DEBUG_INFORMATION_FORMAT = dwarf;
				ENABLE_STRICT_OBJC_MSGSEND = YES;
				ENABLE_TESTABILITY = YES;
				ENABLE_USER_SCRIPT_SANDBOXING = YES;
				GCC_C_LANGUAGE_STANDARD = gnu17;
				GCC_DYNAMIC_NO_PIC = NO;
				GCC_NO_COMMON_BLOCKS = YES;
				GCC_OPTIMIZATION_LEVEL = 0;
				GCC_PREPROCESSOR_DEFINITIONS = (
					"DEBUG=1",
					"$(inherited)",
				);
				GCC_WARN_64_TO_32_BIT_CONVERSION = YES;
				GCC_WARN_ABOUT_RETURN_TYPE = YES_ERROR;
				GCC_WARN_UNDECLARED_SELECTOR = YES;
				GCC_WARN_UNINITIALIZED_AUTOS = YES_AGGRESSIVE;
				GCC_WARN_UNUSED_FUNCTION = YES;
				GCC_WARN_UNUSED_VARIABLE = YES;
				IPHONEOS_DEPLOYMENT_TARGET = 17.0;
				LOCALIZATION_PREFERS_STRING_CATALOGS = YES;
				MTL_ENABLE_DEBUG_INFO = INCLUDE_SOURCE;
				MTL_FAST_MATH = YES;
				ONLY_ACTIVE_ARCH = YES;
				SDKROOT = iphoneos;
				SWIFT_ACTIVE_COMPILATION_CONDITIONS = "DEBUG $(inherited)";
				SWIFT_OPTIMIZATION_LEVEL = "-Onone";
			};
			name = Debug;
		};
		5D3F47342AEB9C7A00483F3D /* Release */ = {
			isa = XCBuildConfiguration;
			buildSettings = {
				ALWAYS_SEARCH_USER_PATHS = NO;
				ASSETCATALOG_COMPILER_GENERATE_SWIFT_ASSET_SYMBOL_EXTENSIONS = YES;
				CLANG_ANALYZER_NONNULL = YES;
				CLANG_ANALYZER_NUMBER_OBJECT_CONVERSION = YES_AGGRESSIVE;
				CLANG_CXX_LANGUAGE_STANDARD = "gnu++20";
				CLANG_ENABLE_MODULES = YES;
				CLANG_ENABLE_OBJC_ARC = YES;
				CLANG_ENABLE_OBJC_WEAK = YES;
				CLANG_WARN_BLOCK_CAPTURE_AUTORELEASING = YES;
				CLANG_WARN_BOOL_CONVERSION = YES;
				CLANG_WARN_COMMA = YES;
				CLANG_WARN_CONSTANT_CONVERSION = YES;
				CLANG_WARN_DEPRECATED_OBJC_IMPLEMENTATIONS = YES;
				CLANG_WARN_DIRECT_OBJC_ISA_USAGE = YES_ERROR;
				CLANG_WARN_DOCUMENTATION_COMMENTS = YES;
				CLANG_WARN_EMPTY_BODY = YES;
				CLANG_WARN_ENUM_CONVERSION = YES;
				CLANG_WARN_INFINITE_RECURSION = YES;
				CLANG_WARN_INT_CONVERSION = YES;
				CLANG_WARN_NON_LITERAL_NULL_CONVERSION = YES;
				CLANG_WARN_OBJC_IMPLICIT_RETAIN_SELF = YES;
				CLANG_WARN_OBJC_LITERAL_CONVERSION = YES;
				CLANG_WARN_OBJC_ROOT_CLASS = YES_ERROR;
				CLANG_WARN_QUOTED_INCLUDE_IN_FRAMEWORK_HEADER = YES;
				CLANG_WARN_RANGE_LOOP_ANALYSIS = YES;
				CLANG_WARN_STRICT_PROTOTYPES = YES;
				CLANG_WARN_SUSPICIOUS_MOVE = YES;
				CLANG_WARN_UNGUARDED_AVAILABILITY = YES_AGGRESSIVE;
				CLANG_WARN_UNREACHABLE_CODE = YES;
				CLANG_WARN__DUPLICATE_METHOD_MATCH = YES;
				COPY_PHASE_STRIP = NO;
				DEBUG_INFORMATION_FORMAT = "dwarf-with-dsym";
				ENABLE_NS_ASSERTIONS = NO;
				ENABLE_STRICT_OBJC_MSGSEND = YES;
				ENABLE_USER_SCRIPT_SANDBOXING = YES;
				GCC_C_LANGUAGE_STANDARD = gnu17;
				GCC_NO_COMMON_BLOCKS = YES;
				GCC_WARN_64_TO_32_BIT_CONVERSION = YES;
				GCC_WARN_ABOUT_RETURN_TYPE = YES_ERROR;
				GCC_WARN_UNDECLARED_SELECTOR = YES;
				GCC_WARN_UNINITIALIZED_AUTOS = YES_AGGRESSIVE;
				GCC_WARN_UNUSED_FUNCTION = YES;
				GCC_WARN_UNUSED_VARIABLE = YES;
				IPHONEOS_DEPLOYMENT_TARGET = 17.0;
				LOCALIZATION_PREFERS_STRING_CATALOGS = YES;
				MTL_ENABLE_DEBUG_INFO = NO;
				MTL_FAST_MATH = YES;
				SDKROOT = iphoneos;
				SWIFT_COMPILATION_MODE = wholemodule;
				VALIDATE_PRODUCT = YES;
			};
			name = Release;
		};
		5D3F47362AEB9C7A00483F3D /* Debug */ = {
			isa = XCBuildConfiguration;
			buildSettings = {
				ASSETCATALOG_COMPILER_APPICON_NAME = AppIcon;
				ASSETCATALOG_COMPILER_GLOBAL_ACCENT_COLOR_NAME = AccentColor;
				CLANG_ENABLE_MODULES = YES;
				CODE_SIGN_STYLE = Automatic;
				CURRENT_PROJECT_VERSION = 1;
				GENERATE_INFOPLIST_FILE = YES;
				INFOPLIST_FILE = OgrenciNotUygulamasi/Info.plist;
				INFOPLIST_KEY_UIApplicationSupportsIndirectInputEvents = YES;
				INFOPLIST_KEY_UILaunchStoryboardName = LaunchScreen;
				INFOPLIST_KEY_UIMainStoryboardFile = Main;
				INFOPLIST_KEY_UISupportedInterfaceOrientations_iPad = "UIInterfaceOrientationPortrait UIInterfaceOrientationPortraitUpsideDown UIInterfaceOrientationLandscapeLeft UIInterfaceOrientationLandscapeRight";
				INFOPLIST_KEY_UISupportedInterfaceOrientations_iPhone = "UIInterfaceOrientationPortrait UIInterfaceOrientationLandscapeLeft UIInterfaceOrientationLandscapeRight";
				LD_RUNPATH_SEARCH_PATHS = (
					"$(inherited)",
					"@executable_path/Frameworks",
				);
				MARKETING_VERSION = 1.0;
				PRODUCT_BUNDLE_IDENTIFIER = com.senaerdem.OgrenciNotUygulamasi;
				PRODUCT_NAME = "$(TARGET_NAME)";
				SWIFT_EMIT_LOC_STRINGS = YES;
				SWIFT_OBJC_BRIDGING_HEADER = "OgrenciNotUygulamasi/OgrenciNotUygulamasi-Bridging-Header.h";
				SWIFT_OPTIMIZATION_LEVEL = "-Onone";
				SWIFT_VERSION = 5.0;
				TARGETED_DEVICE_FAMILY = "1,2";
			};
			name = Debug;
		};
		5D3F47372AEB9C7A00483F3D /* Release */ = {
			isa = XCBuildConfiguration;
			buildSettings = {
				ASSETCATALOG_COMPILER_APPICON_NAME = AppIcon;
				ASSETCATALOG_COMPILER_GLOBAL_ACCENT_COLOR_NAME = AccentColor;
				CLANG_ENABLE_MODULES = YES;
				CODE_SIGN_STYLE = Automatic;
				CURRENT_PROJECT_VERSION = 1;
				GENERATE_INFOPLIST_FILE = YES;
				INFOPLIST_FILE = OgrenciNotUygulamasi/Info.plist;
				INFOPLIST_KEY_UIApplicationSupportsIndirectInputEvents = YES;
				INFOPLIST_KEY_UILaunchStoryboardName = LaunchScreen;
				INFOPLIST_KEY_UIMainStoryboardFile = Main;
				INFOPLIST_KEY_UISupportedInterfaceOrientations_iPad = "UIInterfaceOrientationPortrait UIInterfaceOrientationPortraitUpsideDown UIInterfaceOrientationLandscapeLeft UIInterfaceOrientationLandscapeRight";
				INFOPLIST_KEY_UISupportedInterfaceOrientations_iPhone = "UIInterfaceOrientationPortrait UIInterfaceOrientationLandscapeLeft UIInterfaceOrientationLandscapeRight";
				LD_RUNPATH_SEARCH_PATHS = (
					"$(inherited)",
					"@executable_path/Frameworks",
				);
				MARKETING_VERSION = 1.0;
				PRODUCT_BUNDLE_IDENTIFIER = com.senaerdem.OgrenciNotUygulamasi;
				PRODUCT_NAME = "$(TARGET_NAME)";
				SWIFT_EMIT_LOC_STRINGS = YES;
				SWIFT_OBJC_BRIDGING_HEADER = "OgrenciNotUygulamasi/OgrenciNotUygulamasi-Bridging-Header.h";
				SWIFT_VERSION = 5.0;
				TARGETED_DEVICE_FAMILY = "1,2";
			};
			name = Release;
		};
/* End XCBuildConfiguration section */

/* Begin XCConfigurationList section */
		5D3F471C2AEB9C7700483F3D /* Build configuration list for PBXProject "OgrenciNotUygulamasi" */ = {
			isa = XCConfigurationList;
			buildConfigurations = (
				5D3F47332AEB9C7A00483F3D /* Debug */,
				5D3F47342AEB9C7A00483F3D /* Release */,
			);
			defaultConfigurationIsVisible = 0;
			defaultConfigurationName = Release;
		};
		5D3F47352AEB9C7A00483F3D /* Build configuration list for PBXNativeTarget "OgrenciNotUygulamasi" */ = {
			isa = XCConfigurationList;
			buildConfigurations = (
				5D3F47362AEB9C7A00483F3D /* Debug */,
				5D3F47372AEB9C7A00483F3D /* Release */,
			);
			defaultConfigurationIsVisible = 0;
			defaultConfigurationName = Release;
		};
/* End XCConfigurationList section */
	};
	rootObject = 5D3F47192AEB9C7700483F3D /* Project object */;
}
